// !$*UTF8*$!
{
	archiveVersion = 1;
	classes = {
	};
	objectVersion = 56;
	objects = {

/* Begin PBXBuildFile section */
		3FA12A042D9E984400D86F4B /* AppDelegate.swift in Sources */ = {isa = PBXBuildFile; fileRef = 3FA12A032D9E984400D86F4B /* AppDelegate.swift */; };
		3FA12A062D9E984400D86F4B /* SceneDelegate.swift in Sources */ = {isa = PBXBuildFile; fileRef = 3FA12A052D9E984400D86F4B /* SceneDelegate.swift */; };
		3FA12A082D9E984400D86F4B /* ViewController.swift in Sources */ = {isa = PBXBuildFile; fileRef = 3FA12A072D9E984400D86F4B /* ViewController.swift */; };
		3FA12A0B2D9E984400D86F4B /* Base in Resources */ = {isa = PBXBuildFile; fileRef = 3FA12A0A2D9E984400D86F4B /* Base */; };
		3FA12A0D2D9E984400D86F4B /* Assets.xcassets in Resources */ = {isa = PBXBuildFile; fileRef = 3FA12A0C2D9E984400D86F4B /* Assets.xcassets */; };
		3FA12A102D9E984400D86F4B /* Base in Resources */ = {isa = PBXBuildFile; fileRef = 3FA12A0F2D9E984400D86F4B /* Base */; };
		3FA12A1B2D9E984400D86F4B /* AlertBoxTests.swift in Sources */ = {isa = PBXBuildFile; fileRef = 3FA12A1A2D9E984400D86F4B /* AlertBoxTests.swift */; };
		3FA12A252D9E984400D86F4B /* AlertBoxUITests.swift in Sources */ = {isa = PBXBuildFile; fileRef = 3FA12A242D9E984400D86F4B /* AlertBoxUITests.swift */; };
		3FA12A272D9E984400D86F4B /* AlertBoxUITestsLaunchTests.swift in Sources */ = {isa = PBXBuildFile; fileRef = 3FA12A262D9E984400D86F4B /* AlertBoxUITestsLaunchTests.swift */; };
/* End PBXBuildFile section */

/* Begin PBXContainerItemProxy section */
		3FA12A172D9E984400D86F4B /* PBXContainerItemProxy */ = {
			isa = PBXContainerItemProxy;
			containerPortal = 3FA129F82D9E984400D86F4B /* Project object */;
			proxyType = 1;
			remoteGlobalIDString = 3FA129FF2D9E984400D86F4B;
			remoteInfo = AlertBox;
		};
		3FA12A212D9E984400D86F4B /* PBXContainerItemProxy */ = {
			isa = PBXContainerItemProxy;
			containerPortal = 3FA129F82D9E984400D86F4B /* Project object */;
			proxyType = 1;
			remoteGlobalIDString = 3FA129FF2D9E984400D86F4B;
			remoteInfo = AlertBox;
		};
/* End PBXContainerItemProxy section */

/* Begin PBXFileReference section */
		3FA12A002D9E984400D86F4B /* AlertBox.app */ = {isa = PBXFileReference; explicitFileType = wrapper.application; includeInIndex = 0; path = AlertBox.app; sourceTree = BUILT_PRODUCTS_DIR; };
		3FA12A032D9E984400D86F4B /* AppDelegate.swift */ = {isa = PBXFileReference; lastKnownFileType = sourcecode.swift; path = AppDelegate.swift; sourceTree = "<group>"; };
		3FA12A052D9E984400D86F4B /* SceneDelegate.swift */ = {isa = PBXFileReference; lastKnownFileType = sourcecode.swift; path = SceneDelegate.swift; sourceTree = "<group>"; };
		3FA12A072D9E984400D86F4B /* ViewController.swift */ = {isa = PBXFileReference; lastKnownFileType = sourcecode.swift; path = ViewController.swift; sourceTree = "<group>"; };
		3FA12A0A2D9E984400D86F4B /* Base */ = {isa = PBXFileReference; lastKnownFileType = file.storyboard; name = Base; path = Base.lproj/Main.storyboard; sourceTree = "<group>"; };
		3FA12A0C2D9E984400D86F4B /* Assets.xcassets */ = {isa = PBXFileReference; lastKnownFileType = folder.assetcatalog; path = Assets.xcassets; sourceTree = "<group>"; };
		3FA12A0F2D9E984400D86F4B /* Base */ = {isa = PBXFileReference; lastKnownFileType = file.storyboard; name = Base; path = Base.lproj/LaunchScreen.storyboard; sourceTree = "<group>"; };
		3FA12A112D9E984400D86F4B /* Info.plist */ = {isa = PBXFileReference; lastKnownFileType = text.plist.xml; path = Info.plist; sourceTree = "<group>"; };
		3FA12A162D9E984400D86F4B /* AlertBoxTests.xctest */ = {isa = PBXFileReference; explicitFileType = wrapper.cfbundle; includeInIndex = 0; path = AlertBoxTests.xctest; sourceTree = BUILT_PRODUCTS_DIR; };
		3FA12A1A2D9E984400D86F4B /* AlertBoxTests.swift */ = {isa = PBXFileReference; lastKnownFileType = sourcecode.swift; path = AlertBoxTests.swift; sourceTree = "<group>"; };
		3FA12A202D9E984400D86F4B /* AlertBoxUITests.xctest */ = {isa = PBXFileReference; explicitFileType = wrapper.cfbundle; includeInIndex = 0; path = AlertBoxUITests.xctest; sourceTree = BUILT_PRODUCTS_DIR; };
		3FA12A242D9E984400D86F4B /* AlertBoxUITests.swift */ = {isa = PBXFileReference; lastKnownFileType = sourcecode.swift; path = AlertBoxUITests.swift; sourceTree = "<group>"; };
		3FA12A262D9E984400D86F4B /* AlertBoxUITestsLaunchTests.swift */ = {isa = PBXFileReference; lastKnownFileType = sourcecode.swift; path = AlertBoxUITestsLaunchTests.swift; sourceTree = "<group>"; };
/* End PBXFileReference section */

/* Begin PBXFrameworksBuildPhase section */
		3FA129FD2D9E984400D86F4B /* Frameworks */ = {
			isa = PBXFrameworksBuildPhase;
			buildActionMask = 2147483647;
			files = (
			);
			runOnlyForDeploymentPostprocessing = 0;
		};
		3FA12A132D9E984400D86F4B /* Frameworks */ = {
			isa = PBXFrameworksBuildPhase;
			buildActionMask = 2147483647;
			files = (
			);
			runOnlyForDeploymentPostprocessing = 0;
		};
		3FA12A1D2D9E984400D86F4B /* Frameworks */ = {
			isa = PBXFrameworksBuildPhase;
			buildActionMask = 2147483647;
			files = (
			);
			runOnlyForDeploymentPostprocessing = 0;
		};
/* End PBXFrameworksBuildPhase section */

/* Begin PBXGroup section */
		3FA129F72D9E984400D86F4B = {
			isa = PBXGroup;
			children = (
				3FA12A022D9E984400D86F4B /* AlertBox */,
				3FA12A192D9E984400D86F4B /* AlertBoxTests */,
				3FA12A232D9E984400D86F4B /* AlertBoxUITests */,
				3FA12A012D9E984400D86F4B /* Products */,
			);
			sourceTree = "<group>";
		};
		3FA12A012D9E984400D86F4B /* Products */ = {
			isa = PBXGroup;
			children = (
				3FA12A002D9E984400D86F4B /* AlertBox.app */,
				3FA12A162D9E984400D86F4B /* AlertBoxTests.xctest */,
				3FA12A202D9E984400D86F4B /* AlertBoxUITests.xctest */,
			);
			name = Products;
			sourceTree = "<group>";
		};
		3FA12A022D9E984400D86F4B /* AlertBox */ = {
			isa = PBXGroup;
			children = (
				3FA12A032D9E984400D86F4B /* AppDelegate.swift */,
				3FA12A052D9E984400D86F4B /* SceneDelegate.swift */,
				3FA12A072D9E984400D86F4B /* ViewController.swift */,
				3FA12A092D9E984400D86F4B /* Main.storyboard */,
				3FA12A0C2D9E984400D86F4B /* Assets.xcassets */,
				3FA12A0E2D9E984400D86F4B /* LaunchScreen.storyboard */,
				3FA12A112D9E984400D86F4B /* Info.plist */,
			);
			path = AlertBox;
			sourceTree = "<group>";
		};
		3FA12A192D9E984400D86F4B /* AlertBoxTests */ = {
			isa = PBXGroup;
			children = (
				3FA12A1A2D9E984400D86F4B /* AlertBoxTests.swift */,
			);
			path = AlertBoxTests;
			sourceTree = "<group>";
		};
		3FA12A232D9E984400D86F4B /* AlertBoxUITests */ = {
			isa = PBXGroup;
			children = (
				3FA12A242D9E984400D86F4B /* AlertBoxUITests.swift */,
				3FA12A262D9E984400D86F4B /* AlertBoxUITestsLaunchTests.swift */,
			);
			path = AlertBoxUITests;
			sourceTree = "<group>";
		};
/* End PBXGroup section */

/* Begin PBXNativeTarget section */
		3FA129FF2D9E984400D86F4B /* AlertBox */ = {
			isa = PBXNativeTarget;
			buildConfigurationList = 3FA12A2A2D9E984400D86F4B /* Build configuration list for PBXNativeTarget "AlertBox" */;
			buildPhases = (
				3FA129FC2D9E984400D86F4B /* Sources */,
				3FA129FD2D9E984400D86F4B /* Frameworks */,
				3FA129FE2D9E984400D86F4B /* Resources */,
			);
			buildRules = (
			);
			dependencies = (
			);
			name = AlertBox;
			productName = AlertBox;
			productReference = 3FA12A002D9E984400D86F4B /* AlertBox.app */;
			productType = "com.apple.product-type.application";
		};
		3FA12A152D9E984400D86F4B /* AlertBoxTests */ = {
			isa = PBXNativeTarget;
			buildConfigurationList = 3FA12A2D2D9E984400D86F4B /* Build configuration list for PBXNativeTarget "AlertBoxTests" */;
			buildPhases = (
				3FA12A122D9E984400D86F4B /* Sources */,
				3FA12A132D9E984400D86F4B /* Frameworks */,
				3FA12A142D9E984400D86F4B /* Resources */,
			);
			buildRules = (
			);
			dependencies = (
				3FA12A182D9E984400D86F4B /* PBXTargetDependency */,
			);
			name = AlertBoxTests;
			productName = AlertBoxTests;
			productReference = 3FA12A162D9E984400D86F4B /* AlertBoxTests.xctest */;
			productType = "com.apple.product-type.bundle.unit-test";
		};
		3FA12A1F2D9E984400D86F4B /* AlertBoxUITests */ = {
			isa = PBXNativeTarget;
			buildConfigurationList = 3FA12A302D9E984400D86F4B /* Build configuration list for PBXNativeTarget "AlertBoxUITests" */;
			buildPhases = (
				3FA12A1C2D9E984400D86F4B /* Sources */,
				3FA12A1D2D9E984400D86F4B /* Frameworks */,
				3FA12A1E2D9E984400D86F4B /* Resources */,
			);
			buildRules = (
			);
			dependencies = (
				3FA12A222D9E984400D86F4B /* PBXTargetDependency */,
			);
			name = AlertBoxUITests;
			productName = AlertBoxUITests;
			productReference = 3FA12A202D9E984400D86F4B /* AlertBoxUITests.xctest */;
			productType = "com.apple.product-type.bundle.ui-testing";
		};
/* End PBXNativeTarget section */

/* Begin PBXProject section */
		3FA129F82D9E984400D86F4B /* Project object */ = {
			isa = PBXProject;
			attributes = {
				BuildIndependentTargetsInParallel = 1;
				LastSwiftUpdateCheck = 1530;
				LastUpgradeCheck = 1530;
				TargetAttributes = {
					3FA129FF2D9E984400D86F4B = {
						CreatedOnToolsVersion = 15.3;
					};
					3FA12A152D9E984400D86F4B = {
						CreatedOnToolsVersion = 15.3;
						TestTargetID = 3FA129FF2D9E984400D86F4B;
					};
					3FA12A1F2D9E984400D86F4B = {
						CreatedOnToolsVersion = 15.3;
						TestTargetID = 3FA129FF2D9E984400D86F4B;
					};
				};
			};
			buildConfigurationList = 3FA129FB2D9E984400D86F4B /* Build configuration list for PBXProject "AlertBox" */;
			compatibilityVersion = "Xcode 14.0";
			developmentRegion = en;
			hasScannedForEncodings = 0;
			knownRegions = (
				en,
				Base,
			);
			mainGroup = 3FA129F72D9E984400D86F4B;
			productRefGroup = 3FA12A012D9E984400D86F4B /* Products */;
			projectDirPath = "";
			projectRoot = "";
			targets = (
				3FA129FF2D9E984400D86F4B /* AlertBox */,
				3FA12A152D9E984400D86F4B /* AlertBoxTests */,
				3FA12A1F2D9E984400D86F4B /* AlertBoxUITests */,
			);
		};
/* End PBXProject section */

/* Begin PBXResourcesBuildPhase section */
		3FA129FE2D9E984400D86F4B /* Resources */ = {
			isa = PBXResourcesBuildPhase;
			buildActionMask = 2147483647;
			files = (
				3FA12A0D2D9E984400D86F4B /* Assets.xcassets in Resources */,
				3FA12A102D9E984400D86F4B /* Base in Resources */,
				3FA12A0B2D9E984400D86F4B /* Base in Resources */,
			);
			runOnlyForDeploymentPostprocessing = 0;
		};
		3FA12A142D9E984400D86F4B /* Resources */ = {
			isa = PBXResourcesBuildPhase;
			buildActionMask = 2147483647;
			files = (
			);
			runOnlyForDeploymentPostprocessing = 0;
		};
		3FA12A1E2D9E984400D86F4B /* Resources */ = {
			isa = PBXResourcesBuildPhase;
			buildActionMask = 2147483647;
			files = (
			);
			runOnlyForDeploymentPostprocessing = 0;
		};
/* End PBXResourcesBuildPhase section */

/* Begin PBXSourcesBuildPhase section */
		3FA129FC2D9E984400D86F4B /* Sources */ = {
			isa = PBXSourcesBuildPhase;
			buildActionMask = 2147483647;
			files = (
				3FA12A082D9E984400D86F4B /* ViewController.swift in Sources */,
				3FA12A042D9E984400D86F4B /* AppDelegate.swift in Sources */,
				3FA12A062D9E984400D86F4B /* SceneDelegate.swift in Sources */,
			);
			runOnlyForDeploymentPostprocessing = 0;
		};
		3FA12A122D9E984400D86F4B /* Sources */ = {
			isa = PBXSourcesBuildPhase;
			buildActionMask = 2147483647;
			files = (
				3FA12A1B2D9E984400D86F4B /* AlertBoxTests.swift in Sources */,
			);
			runOnlyForDeploymentPostprocessing = 0;
		};
		3FA12A1C2D9E984400D86F4B /* Sources */ = {
			isa = PBXSourcesBuildPhase;
			buildActionMask = 2147483647;
			files = (
				3FA12A272D9E984400D86F4B /* AlertBoxUITestsLaunchTests.swift in Sources */,
				3FA12A252D9E984400D86F4B /* AlertBoxUITests.swift in Sources */,
			);
			runOnlyForDeploymentPostprocessing = 0;
		};
/* End PBXSourcesBuildPhase section */

/* Begin PBXTargetDependency section */
		3FA12A182D9E984400D86F4B /* PBXTargetDependency */ = {
			isa = PBXTargetDependency;
			target = 3FA129FF2D9E984400D86F4B /* AlertBox */;
			targetProxy = 3FA12A172D9E984400D86F4B /* PBXContainerItemProxy */;
		};
		3FA12A222D9E984400D86F4B /* PBXTargetDependency */ = {
			isa = PBXTargetDependency;
			target = 3FA129FF2D9E984400D86F4B /* AlertBox */;
			targetProxy = 3FA12A212D9E984400D86F4B /* PBXContainerItemProxy */;
		};
/* End PBXTargetDependency section */

/* Begin PBXVariantGroup section */
		3FA12A092D9E984400D86F4B /* Main.storyboard */ = {
			isa = PBXVariantGroup;
			children = (
				3FA12A0A2D9E984400D86F4B /* Base */,
			);
			name = Main.storyboard;
			sourceTree = "<group>";
		};
		3FA12A0E2D9E984400D86F4B /* LaunchScreen.storyboard */ = {
			isa = PBXVariantGroup;
			children = (
				3FA12A0F2D9E984400D86F4B /* Base */,
			);
			name = LaunchScreen.storyboard;
			sourceTree = "<group>";
		};
/* End PBXVariantGroup section */

/* Begin XCBuildConfiguration section */
		3FA12A282D9E984400D86F4B /* Debug */ = {
			isa = XCBuildConfiguration;
			buildSettings = {
				ALWAYS_SEARCH_USER_PATHS = NO;
				ASSETCATALOG_COMPILER_GENERATE_SWIFT_ASSET_SYMBOL_EXTENSIONS = YES;
				CLANG_ANALYZER_NONNULL = YES;
				CLANG_ANALYZER_NUMBER_OBJECT_CONVERSION = YES_AGGRESSIVE;
				CLANG_CXX_LANGUAGE_STANDARD = "gnu++20";
				CLANG_ENABLE_MODULES = YES;
				CLANG_ENABLE_OBJC_ARC = YES;
				CLANG_ENABLE_OBJC_WEAK = YES;
				CLANG_WARN_BLOCK_CAPTURE_AUTORELEASING = YES;
				CLANG_WARN_BOOL_CONVERSION = YES;
				CLANG_WARN_COMMA = YES;
				CLANG_WARN_CONSTANT_CONVERSION = YES;
				CLANG_WARN_DEPRECATED_OBJC_IMPLEMENTATIONS = YES;
				CLANG_WARN_DIRECT_OBJC_ISA_USAGE = YES_ERROR;
				CLANG_WARN_DOCUMENTATION_COMMENTS = YES;
				CLANG_WARN_EMPTY_BODY = YES;
				CLANG_WARN_ENUM_CONVERSION = YES;
				CLANG_WARN_INFINITE_RECURSION = YES;
				CLANG_WARN_INT_CONVERSION = YES;
				CLANG_WARN_NON_LITERAL_NULL_CONVERSION = YES;
				CLANG_WARN_OBJC_IMPLICIT_RETAIN_SELF = YES;
				CLANG_WARN_OBJC_LITERAL_CONVERSION = YES;
				CLANG_WARN_OBJC_ROOT_CLASS = YES_ERROR;
				CLANG_WARN_QUOTED_INCLUDE_IN_FRAMEWORK_HEADER = YES;
				CLANG_WARN_RANGE_LOOP_ANALYSIS = YES;
				CLANG_WARN_STRICT_PROTOTYPES = YES;
				CLANG_WARN_SUSPICIOUS_MOVE = YES;
				CLANG_WARN_UNGUARDED_AVAILABILITY = YES_AGGRESSIVE;
				CLANG_WARN_UNREACHABLE_CODE = YES;
				CLANG_WARN__DUPLICATE_METHOD_MATCH = YES;
				COPY_PHASE_STRIP = NO;
				DEBUG_INFORMATION_FORMAT = dwarf;
				ENABLE_STRICT_OBJC_MSGSEND = YES;
				ENABLE_TESTABILITY = YES;
				ENABLE_USER_SCRIPT_SANDBOXING = YES;
				GCC_C_LANGUAGE_STANDARD = gnu17;
				GCC_DYNAMIC_NO_PIC = NO;
				GCC_NO_COMMON_BLOCKS = YES;
				GCC_OPTIMIZATION_LEVEL = 0;
				GCC_PREPROCESSOR_DEFINITIONS = (
					"DEBUG=1",
					"$(inherited)",
				);
				GCC_WARN_64_TO_32_BIT_CONVERSION = YES;
				GCC_WARN_ABOUT_RETURN_TYPE = YES_ERROR;
				GCC_WARN_UNDECLARED_SELECTOR = YES;
				GCC_WARN_UNINITIALIZED_AUTOS = YES_AGGRESSIVE;
				GCC_WARN_UNUSED_FUNCTION = YES;
				GCC_WARN_UNUSED_VARIABLE = YES;
				IPHONEOS_DEPLOYMENT_TARGET = 17.4;
				LOCALIZATION_PREFERS_STRING_CATALOGS = YES;
				MTL_ENABLE_DEBUG_INFO = INCLUDE_SOURCE;
				MTL_FAST_MATH = YES;
				ONLY_ACTIVE_ARCH = YES;
				SDKROOT = iphoneos;
				SWIFT_ACTIVE_COMPILATION_CONDITIONS = "DEBUG $(inherited)";
				SWIFT_OPTIMIZATION_LEVEL = "-Onone";
			};
			name = Debug;
		};
		3FA12A292D9E984400D86F4B /* Release */ = {
			isa = XCBuildConfiguration;
			buildSettings = {
				ALWAYS_SEARCH_USER_PATHS = NO;
				ASSETCATALOG_COMPILER_GENERATE_SWIFT_ASSET_SYMBOL_EXTENSIONS = YES;
				CLANG_ANALYZER_NONNULL = YES;
				CLANG_ANALYZER_NUMBER_OBJECT_CONVERSION = YES_AGGRESSIVE;
				CLANG_CXX_LANGUAGE_STANDARD = "gnu++20";
				CLANG_ENABLE_MODULES = YES;
				CLANG_ENABLE_OBJC_ARC = YES;
				CLANG_ENABLE_OBJC_WEAK = YES;
				CLANG_WARN_BLOCK_CAPTURE_AUTORELEASING = YES;
				CLANG_WARN_BOOL_CONVERSION = YES;
				CLANG_WARN_COMMA = YES;
				CLANG_WARN_CONSTANT_CONVERSION = YES;
				CLANG_WARN_DEPRECATED_OBJC_IMPLEMENTATIONS = YES;
				CLANG_WARN_DIRECT_OBJC_ISA_USAGE = YES_ERROR;
				CLANG_WARN_DOCUMENTATION_COMMENTS = YES;
				CLANG_WARN_EMPTY_BODY = YES;
				CLANG_WARN_ENUM_CONVERSION = YES;
				CLANG_WARN_INFINITE_RECURSION = YES;
				CLANG_WARN_INT_CONVERSION = YES;
				CLANG_WARN_NON_LITERAL_NULL_CONVERSION = YES;
				CLANG_WARN_OBJC_IMPLICIT_RETAIN_SELF = YES;
				CLANG_WARN_OBJC_LITERAL_CONVERSION = YES;
				CLANG_WARN_OBJC_ROOT_CLASS = YES_ERROR;
				CLANG_WARN_QUOTED_INCLUDE_IN_FRAMEWORK_HEADER = YES;
				CLANG_WARN_RANGE_LOOP_ANALYSIS = YES;
				CLANG_WARN_STRICT_PROTOTYPES = YES;
				CLANG_WARN_SUSPICIOUS_MOVE = YES;
				CLANG_WARN_UNGUARDED_AVAILABILITY = YES_AGGRESSIVE;
				CLANG_WARN_UNREACHABLE_CODE = YES;
				CLANG_WARN__DUPLICATE_METHOD_MATCH = YES;
				COPY_PHASE_STRIP = NO;
				DEBUG_INFORMATION_FORMAT = "dwarf-with-dsym";
				ENABLE_NS_ASSERTIONS = NO;
				ENABLE_STRICT_OBJC_MSGSEND = YES;
				ENABLE_USER_SCRIPT_SANDBOXING = YES;
				GCC_C_LANGUAGE_STANDARD = gnu17;
				GCC_NO_COMMON_BLOCKS = YES;
				GCC_WARN_64_TO_32_BIT_CONVERSION = YES;
				GCC_WARN_ABOUT_RETURN_TYPE = YES_ERROR;
				GCC_WARN_UNDECLARED_SELECTOR = YES;
				GCC_WARN_UNINITIALIZED_AUTOS = YES_AGGRESSIVE;
				GCC_WARN_UNUSED_FUNCTION = YES;
				GCC_WARN_UNUSED_VARIABLE = YES;
				IPHONEOS_DEPLOYMENT_TARGET = 17.4;
				LOCALIZATION_PREFERS_STRING_CATALOGS = YES;
				MTL_ENABLE_DEBUG_INFO = NO;
				MTL_FAST_MATH = YES;
				SDKROOT = iphoneos;
				SWIFT_COMPILATION_MODE = wholemodule;
				VALIDATE_PRODUCT = YES;
			};
			name = Release;
		};
		3FA12A2B2D9E984400D86F4B /* Debug */ = {
			isa = XCBuildConfiguration;
			buildSettings = {
				ASSETCATALOG_COMPILER_APPICON_NAME = AppIcon;
				ASSETCATALOG_COMPILER_GLOBAL_ACCENT_COLOR_NAME = AccentColor;
				CODE_SIGN_STYLE = Automatic;
				CURRENT_PROJECT_VERSION = 1;
				GENERATE_INFOPLIST_FILE = YES;
				INFOPLIST_FILE = AlertBox/Info.plist;
				INFOPLIST_KEY_UIApplicationSupportsIndirectInputEvents = YES;
				INFOPLIST_KEY_UILaunchStoryboardName = LaunchScreen;
				INFOPLIST_KEY_UIMainStoryboardFile = Main;
				INFOPLIST_KEY_UISupportedInterfaceOrientations_iPad = "UIInterfaceOrientationPortrait UIInterfaceOrientationPortraitUpsideDown UIInterfaceOrientationLandscapeLeft UIInterfaceOrientationLandscapeRight";
				INFOPLIST_KEY_UISupportedInterfaceOrientations_iPhone = "UIInterfaceOrientationPortrait UIInterfaceOrientationLandscapeLeft UIInterfaceOrientationLandscapeRight";
				LD_RUNPATH_SEARCH_PATHS = (
					"$(inherited)",
					"@executable_path/Frameworks",
				);
				MARKETING_VERSION = 1.0;
				PRODUCT_BUNDLE_IDENTIFIER = abc.AlertBox;
				PRODUCT_NAME = "$(TARGET_NAME)";
				SWIFT_EMIT_LOC_STRINGS = YES;
				SWIFT_VERSION = 5.0;
				TARGETED_DEVICE_FAMILY = "1,2";
			};
			name = Debug;
		};
		3FA12A2C2D9E984400D86F4B /* Release */ = {
			isa = XCBuildConfiguration;
			buildSettings = {
				ASSETCATALOG_COMPILER_APPICON_NAME = AppIcon;
				ASSETCATALOG_COMPILER_GLOBAL_ACCENT_COLOR_NAME = AccentColor;
				CODE_SIGN_STYLE = Automatic;
				CURRENT_PROJECT_VERSION = 1;
				GENERATE_INFOPLIST_FILE = YES;
				INFOPLIST_FILE = AlertBox/Info.plist;
				INFOPLIST_KEY_UIApplicationSupportsIndirectInputEvents = YES;
				INFOPLIST_KEY_UILaunchStoryboardName = LaunchScreen;
				INFOPLIST_KEY_UIMainStoryboardFile = Main;
				INFOPLIST_KEY_UISupportedInterfaceOrientations_iPad = "UIInterfaceOrientationPortrait UIInterfaceOrientationPortraitUpsideDown UIInterfaceOrientationLandscapeLeft UIInterfaceOrientationLandscapeRight";
				INFOPLIST_KEY_UISupportedInterfaceOrientations_iPhone = "UIInterfaceOrientationPortrait UIInterfaceOrientationLandscapeLeft UIInterfaceOrientationLandscapeRight";
				LD_RUNPATH_SEARCH_PATHS = (
					"$(inherited)",
					"@executable_path/Frameworks",
				);
				MARKETING_VERSION = 1.0;
				PRODUCT_BUNDLE_IDENTIFIER = abc.AlertBox;
				PRODUCT_NAME = "$(TARGET_NAME)";
				SWIFT_EMIT_LOC_STRINGS = YES;
				SWIFT_VERSION = 5.0;
				TARGETED_DEVICE_FAMILY = "1,2";
			};
			name = Release;
		};
		3FA12A2E2D9E984400D86F4B /* Debug */ = {
			isa = XCBuildConfiguration;
			buildSettings = {
				ALWAYS_EMBED_SWIFT_STANDARD_LIBRARIES = YES;
				BUNDLE_LOADER = "$(TEST_HOST)";
				CODE_SIGN_STYLE = Automatic;
				CURRENT_PROJECT_VERSION = 1;
				GENERATE_INFOPLIST_FILE = YES;
				IPHONEOS_DEPLOYMENT_TARGET = 17.4;
				MARKETING_VERSION = 1.0;
				PRODUCT_BUNDLE_IDENTIFIER = abc.AlertBoxTests;
				PRODUCT_NAME = "$(TARGET_NAME)";
				SWIFT_EMIT_LOC_STRINGS = NO;
				SWIFT_VERSION = 5.0;
				TARGETED_DEVICE_FAMILY = "1,2";
				TEST_HOST = "$(BUILT_PRODUCTS_DIR)/AlertBox.app/$(BUNDLE_EXECUTABLE_FOLDER_PATH)/AlertBox";
			};
			name = Debug;
		};
		3FA12A2F2D9E984400D86F4B /* Release */ = {
			isa = XCBuildConfiguration;
			buildSettings = {
				ALWAYS_EMBED_SWIFT_STANDARD_LIBRARIES = YES;
				BUNDLE_LOADER = "$(TEST_HOST)";
				CODE_SIGN_STYLE = Automatic;
				CURRENT_PROJECT_VERSION = 1;
				GENERATE_INFOPLIST_FILE = YES;
				IPHONEOS_DEPLOYMENT_TARGET = 17.4;
				MARKETING_VERSION = 1.0;
				PRODUCT_BUNDLE_IDENTIFIER = abc.AlertBoxTests;
				PRODUCT_NAME = "$(TARGET_NAME)";
				SWIFT_EMIT_LOC_STRINGS = NO;
				SWIFT_VERSION = 5.0;
				TARGETED_DEVICE_FAMILY = "1,2";
				TEST_HOST = "$(BUILT_PRODUCTS_DIR)/AlertBox.app/$(BUNDLE_EXECUTABLE_FOLDER_PATH)/AlertBox";
			};
			name = Release;
		};
		3FA12A312D9E984400D86F4B /* Debug */ = {
			isa = XCBuildConfiguration;
			buildSettings = {
				ALWAYS_EMBED_SWIFT_STANDARD_LIBRARIES = YES;
				CODE_SIGN_STYLE = Automatic;
				CURRENT_PROJECT_VERSION = 1;
				GENERATE_INFOPLIST_FILE = YES;
				MARKETING_VERSION = 1.0;
				PRODUCT_BUNDLE_IDENTIFIER = abc.AlertBoxUITests;
				PRODUCT_NAME = "$(TARGET_NAME)";
				SWIFT_EMIT_LOC_STRINGS = NO;
				SWIFT_VERSION = 5.0;
				TARGETED_DEVICE_FAMILY = "1,2";
				TEST_TARGET_NAME = AlertBox;
			};
			name = Debug;
		};
		3FA12A322D9E984400D86F4B /* Release */ = {
			isa = XCBuildConfiguration;
			buildSettings = {
				ALWAYS_EMBED_SWIFT_STANDARD_LIBRARIES = YES;
				CODE_SIGN_STYLE = Automatic;
				CURRENT_PROJECT_VERSION = 1;
				GENERATE_INFOPLIST_FILE = YES;
				MARKETING_VERSION = 1.0;
				PRODUCT_BUNDLE_IDENTIFIER = abc.AlertBoxUITests;
				PRODUCT_NAME = "$(TARGET_NAME)";
				SWIFT_EMIT_LOC_STRINGS = NO;
				SWIFT_VERSION = 5.0;
				TARGETED_DEVICE_FAMILY = "1,2";
				TEST_TARGET_NAME = AlertBox;
			};
			name = Release;
		};
/* End XCBuildConfiguration section */

/* Begin XCConfigurationList section */
		3FA129FB2D9E984400D86F4B /* Build configuration list for PBXProject "AlertBox" */ = {
			isa = XCConfigurationList;
			buildConfigurations = (
				3FA12A282D9E984400D86F4B /* Debug */,
				3FA12A292D9E984400D86F4B /* Release */,
			);
			defaultConfigurationIsVisible = 0;
			defaultConfigurationName = Release;
		};
		3FA12A2A2D9E984400D86F4B /* Build configuration list for PBXNativeTarget "AlertBox" */ = {
			isa = XCConfigurationList;
			buildConfigurations = (
				3FA12A2B2D9E984400D86F4B /* Debug */,
				3FA12A2C2D9E984400D86F4B /* Release */,
			);
			defaultConfigurationIsVisible = 0;
			defaultConfigurationName = Release;
		};
		3FA12A2D2D9E984400D86F4B /* Build configuration list for PBXNativeTarget "AlertBoxTests" */ = {
			isa = XCConfigurationList;
			buildConfigurations = (
				3FA12A2E2D9E984400D86F4B /* Debug */,
				3FA12A2F2D9E984400D86F4B /* Release */,
			);
			defaultConfigurationIsVisible = 0;
			defaultConfigurationName = Release;
		};
		3FA12A302D9E984400D86F4B /* Build configuration list for PBXNativeTarget "AlertBoxUITests" */ = {
			isa = XCConfigurationList;
			buildConfigurations = (
				3FA12A312D9E984400D86F4B /* Debug */,
				3FA12A322D9E984400D86F4B /* Release */,
			);
			defaultConfigurationIsVisible = 0;
			defaultConfigurationName = Release;
		};
/* End XCConfigurationList section */
	};
	rootObject = 3FA129F82D9E984400D86F4B /* Project object */;
}
