// !$*UTF8*$!
{
	archiveVersion = 1;
	classes = {
	};
	objectVersion = 56;
	objects = {

/* Begin PBXBuildFile section */
		3F83A34C2D79B036007ED2DB /* AppDelegate.swift in Sources */ = {isa = PBXBuildFile; fileRef = 3F83A34B2D79B036007ED2DB /* AppDelegate.swift */; };
		3F83A34E2D79B036007ED2DB /* SceneDelegate.swift in Sources */ = {isa = PBXBuildFile; fileRef = 3F83A34D2D79B036007ED2DB /* SceneDelegate.swift */; };
		3F83A3502D79B036007ED2DB /* ViewController.swift in Sources */ = {isa = PBXBuildFile; fileRef = 3F83A34F2D79B036007ED2DB /* ViewController.swift */; };
		3F83A3532D79B036007ED2DB /* Base in Resources */ = {isa = PBXBuildFile; fileRef = 3F83A3522D79B036007ED2DB /* Base */; };
		3F83A3552D79B036007ED2DB /* Assets.xcassets in Resources */ = {isa = PBXBuildFile; fileRef = 3F83A3542D79B036007ED2DB /* Assets.xcassets */; };
		3F83A3582D79B036007ED2DB /* Base in Resources */ = {isa = PBXBuildFile; fileRef = 3F83A3572D79B036007ED2DB /* Base */; };
		3F83A3632D79B036007ED2DB /* FirstTests.swift in Sources */ = {isa = PBXBuildFile; fileRef = 3F83A3622D79B036007ED2DB /* FirstTests.swift */; };
		3F83A36D2D79B036007ED2DB /* FirstUITests.swift in Sources */ = {isa = PBXBuildFile; fileRef = 3F83A36C2D79B036007ED2DB /* FirstUITests.swift */; };
		3F83A36F2D79B036007ED2DB /* FirstUITestsLaunchTests.swift in Sources */ = {isa = PBXBuildFile; fileRef = 3F83A36E2D79B036007ED2DB /* FirstUITestsLaunchTests.swift */; };
/* End PBXBuildFile section */

/* Begin PBXContainerItemProxy section */
		3F83A35F2D79B036007ED2DB /* PBXContainerItemProxy */ = {
			isa = PBXContainerItemProxy;
			containerPortal = 3F83A3402D79B036007ED2DB /* Project object */;
			proxyType = 1;
			remoteGlobalIDString = 3F83A3472D79B036007ED2DB;
			remoteInfo = First;
		};
		3F83A3692D79B036007ED2DB /* PBXContainerItemProxy */ = {
			isa = PBXContainerItemProxy;
			containerPortal = 3F83A3402D79B036007ED2DB /* Project object */;
			proxyType = 1;
			remoteGlobalIDString = 3F83A3472D79B036007ED2DB;
			remoteInfo = First;
		};
/* End PBXContainerItemProxy section */

/* Begin PBXFileReference section */
		3F83A3482D79B036007ED2DB /* First.app */ = {isa = PBXFileReference; explicitFileType = wrapper.application; includeInIndex = 0; path = First.app; sourceTree = BUILT_PRODUCTS_DIR; };
		3F83A34B2D79B036007ED2DB /* AppDelegate.swift */ = {isa = PBXFileReference; lastKnownFileType = sourcecode.swift; path = AppDelegate.swift; sourceTree = "<group>"; };
		3F83A34D2D79B036007ED2DB /* SceneDelegate.swift */ = {isa = PBXFileReference; lastKnownFileType = sourcecode.swift; path = SceneDelegate.swift; sourceTree = "<group>"; };
		3F83A34F2D79B036007ED2DB /* ViewController.swift */ = {isa = PBXFileReference; lastKnownFileType = sourcecode.swift; path = ViewController.swift; sourceTree = "<group>"; };
		3F83A3522D79B036007ED2DB /* Base */ = {isa = PBXFileReference; lastKnownFileType = file.storyboard; name = Base; path = Base.lproj/Main.storyboard; sourceTree = "<group>"; };
		3F83A3542D79B036007ED2DB /* Assets.xcassets */ = {isa = PBXFileReference; lastKnownFileType = folder.assetcatalog; path = Assets.xcassets; sourceTree = "<group>"; };
		3F83A3572D79B036007ED2DB /* Base */ = {isa = PBXFileReference; lastKnownFileType = file.storyboard; name = Base; path = Base.lproj/LaunchScreen.storyboard; sourceTree = "<group>"; };
		3F83A3592D79B036007ED2DB /* Info.plist */ = {isa = PBXFileReference; lastKnownFileType = text.plist.xml; path = Info.plist; sourceTree = "<group>"; };
		3F83A35E2D79B036007ED2DB /* FirstTests.xctest */ = {isa = PBXFileReference; explicitFileType = wrapper.cfbundle; includeInIndex = 0; path = FirstTests.xctest; sourceTree = BUILT_PRODUCTS_DIR; };
		3F83A3622D79B036007ED2DB /* FirstTests.swift */ = {isa = PBXFileReference; lastKnownFileType = sourcecode.swift; path = FirstTests.swift; sourceTree = "<group>"; };
		3F83A3682D79B036007ED2DB /* FirstUITests.xctest */ = {isa = PBXFileReference; explicitFileType = wrapper.cfbundle; includeInIndex = 0; path = FirstUITests.xctest; sourceTree = BUILT_PRODUCTS_DIR; };
		3F83A36C2D79B036007ED2DB /* FirstUITests.swift */ = {isa = PBXFileReference; lastKnownFileType = sourcecode.swift; path = FirstUITests.swift; sourceTree = "<group>"; };
		3F83A36E2D79B036007ED2DB /* FirstUITestsLaunchTests.swift */ = {isa = PBXFileReference; lastKnownFileType = sourcecode.swift; path = FirstUITestsLaunchTests.swift; sourceTree = "<group>"; };
/* End PBXFileReference section */

/* Begin PBXFrameworksBuildPhase section */
		3F83A3452D79B036007ED2DB /* Frameworks */ = {
			isa = PBXFrameworksBuildPhase;
			buildActionMask = 2147483647;
			files = (
			);
			runOnlyForDeploymentPostprocessing = 0;
		};
		3F83A35B2D79B036007ED2DB /* Frameworks */ = {
			isa = PBXFrameworksBuildPhase;
			buildActionMask = 2147483647;
			files = (
			);
			runOnlyForDeploymentPostprocessing = 0;
		};
		3F83A3652D79B036007ED2DB /* Frameworks */ = {
			isa = PBXFrameworksBuildPhase;
			buildActionMask = 2147483647;
			files = (
			);
			runOnlyForDeploymentPostprocessing = 0;
		};
/* End PBXFrameworksBuildPhase section */

/* Begin PBXGroup section */
		3F83A33F2D79B036007ED2DB = {
			isa = PBXGroup;
			children = (
				3F83A34A2D79B036007ED2DB /* First */,
				3F83A3612D79B036007ED2DB /* FirstTests */,
				3F83A36B2D79B036007ED2DB /* FirstUITests */,
				3F83A3492D79B036007ED2DB /* Products */,
			);
			sourceTree = "<group>";
		};
		3F83A3492D79B036007ED2DB /* Products */ = {
			isa = PBXGroup;
			children = (
				3F83A3482D79B036007ED2DB /* First.app */,
				3F83A35E2D79B036007ED2DB /* FirstTests.xctest */,
				3F83A3682D79B036007ED2DB /* FirstUITests.xctest */,
			);
			name = Products;
			sourceTree = "<group>";
		};
		3F83A34A2D79B036007ED2DB /* First */ = {
			isa = PBXGroup;
			children = (
				3F83A34B2D79B036007ED2DB /* AppDelegate.swift */,
				3F83A34D2D79B036007ED2DB /* SceneDelegate.swift */,
				3F83A34F2D79B036007ED2DB /* ViewController.swift */,
				3F83A3512D79B036007ED2DB /* Main.storyboard */,
				3F83A3542D79B036007ED2DB /* Assets.xcassets */,
				3F83A3562D79B036007ED2DB /* LaunchScreen.storyboard */,
				3F83A3592D79B036007ED2DB /* Info.plist */,
			);
			path = First;
			sourceTree = "<group>";
		};
		3F83A3612D79B036007ED2DB /* FirstTests */ = {
			isa = PBXGroup;
			children = (
				3F83A3622D79B036007ED2DB /* FirstTests.swift */,
			);
			path = FirstTests;
			sourceTree = "<group>";
		};
		3F83A36B2D79B036007ED2DB /* FirstUITests */ = {
			isa = PBXGroup;
			children = (
				3F83A36C2D79B036007ED2DB /* FirstUITests.swift */,
				3F83A36E2D79B036007ED2DB /* FirstUITestsLaunchTests.swift */,
			);
			path = FirstUITests;
			sourceTree = "<group>";
		};
/* End PBXGroup section */

/* Begin PBXNativeTarget section */
		3F83A3472D79B036007ED2DB /* First */ = {
			isa = PBXNativeTarget;
			buildConfigurationList = 3F83A3722D79B036007ED2DB /* Build configuration list for PBXNativeTarget "First" */;
			buildPhases = (
				3F83A3442D79B036007ED2DB /* Sources */,
				3F83A3452D79B036007ED2DB /* Frameworks */,
				3F83A3462D79B036007ED2DB /* Resources */,
			);
			buildRules = (
			);
			dependencies = (
			);
			name = First;
			productName = First;
			productReference = 3F83A3482D79B036007ED2DB /* First.app */;
			productType = "com.apple.product-type.application";
		};
		3F83A35D2D79B036007ED2DB /* FirstTests */ = {
			isa = PBXNativeTarget;
			buildConfigurationList = 3F83A3752D79B036007ED2DB /* Build configuration list for PBXNativeTarget "FirstTests" */;
			buildPhases = (
				3F83A35A2D79B036007ED2DB /* Sources */,
				3F83A35B2D79B036007ED2DB /* Frameworks */,
				3F83A35C2D79B036007ED2DB /* Resources */,
			);
			buildRules = (
			);
			dependencies = (
				3F83A3602D79B036007ED2DB /* PBXTargetDependency */,
			);
			name = FirstTests;
			productName = FirstTests;
			productReference = 3F83A35E2D79B036007ED2DB /* FirstTests.xctest */;
			productType = "com.apple.product-type.bundle.unit-test";
		};
		3F83A3672D79B036007ED2DB /* FirstUITests */ = {
			isa = PBXNativeTarget;
			buildConfigurationList = 3F83A3782D79B036007ED2DB /* Build configuration list for PBXNativeTarget "FirstUITests" */;
			buildPhases = (
				3F83A3642D79B036007ED2DB /* Sources */,
				3F83A3652D79B036007ED2DB /* Frameworks */,
				3F83A3662D79B036007ED2DB /* Resources */,
			);
			buildRules = (
			);
			dependencies = (
				3F83A36A2D79B036007ED2DB /* PBXTargetDependency */,
			);
			name = FirstUITests;
			productName = FirstUITests;
			productReference = 3F83A3682D79B036007ED2DB /* FirstUITests.xctest */;
			productType = "com.apple.product-type.bundle.ui-testing";
		};
/* End PBXNativeTarget section */

/* Begin PBXProject section */
		3F83A3402D79B036007ED2DB /* Project object */ = {
			isa = PBXProject;
			attributes = {
				BuildIndependentTargetsInParallel = 1;
				LastSwiftUpdateCheck = 1530;
				LastUpgradeCheck = 1530;
				TargetAttributes = {
					3F83A3472D79B036007ED2DB = {
						CreatedOnToolsVersion = 15.3;
					};
					3F83A35D2D79B036007ED2DB = {
						CreatedOnToolsVersion = 15.3;
						TestTargetID = 3F83A3472D79B036007ED2DB;
					};
					3F83A3672D79B036007ED2DB = {
						CreatedOnToolsVersion = 15.3;
						TestTargetID = 3F83A3472D79B036007ED2DB;
					};
				};
			};
			buildConfigurationList = 3F83A3432D79B036007ED2DB /* Build configuration list for PBXProject "First" */;
			compatibilityVersion = "Xcode 14.0";
			developmentRegion = en;
			hasScannedForEncodings = 0;
			knownRegions = (
				en,
				Base,
			);
			mainGroup = 3F83A33F2D79B036007ED2DB;
			productRefGroup = 3F83A3492D79B036007ED2DB /* Products */;
			projectDirPath = "";
			projectRoot = "";
			targets = (
				3F83A3472D79B036007ED2DB /* First */,
				3F83A35D2D79B036007ED2DB /* FirstTests */,
				3F83A3672D79B036007ED2DB /* FirstUITests */,
			);
		};
/* End PBXProject section */

/* Begin PBXResourcesBuildPhase section */
		3F83A3462D79B036007ED2DB /* Resources */ = {
			isa = PBXResourcesBuildPhase;
			buildActionMask = 2147483647;
			files = (
				3F83A3552D79B036007ED2DB /* Assets.xcassets in Resources */,
				3F83A3582D79B036007ED2DB /* Base in Resources */,
				3F83A3532D79B036007ED2DB /* Base in Resources */,
			);
			runOnlyForDeploymentPostprocessing = 0;
		};
		3F83A35C2D79B036007ED2DB /* Resources */ = {
			isa = PBXResourcesBuildPhase;
			buildActionMask = 2147483647;
			files = (
			);
			runOnlyForDeploymentPostprocessing = 0;
		};
		3F83A3662D79B036007ED2DB /* Resources */ = {
			isa = PBXResourcesBuildPhase;
			buildActionMask = 2147483647;
			files = (
			);
			runOnlyForDeploymentPostprocessing = 0;
		};
/* End PBXResourcesBuildPhase section */

/* Begin PBXSourcesBuildPhase section */
		3F83A3442D79B036007ED2DB /* Sources */ = {
			isa = PBXSourcesBuildPhase;
			buildActionMask = 2147483647;
			files = (
				3F83A3502D79B036007ED2DB /* ViewController.swift in Sources */,
				3F83A34C2D79B036007ED2DB /* AppDelegate.swift in Sources */,
				3F83A34E2D79B036007ED2DB /* SceneDelegate.swift in Sources */,
			);
			runOnlyForDeploymentPostprocessing = 0;
		};
		3F83A35A2D79B036007ED2DB /* Sources */ = {
			isa = PBXSourcesBuildPhase;
			buildActionMask = 2147483647;
			files = (
				3F83A3632D79B036007ED2DB /* FirstTests.swift in Sources */,
			);
			runOnlyForDeploymentPostprocessing = 0;
		};
		3F83A3642D79B036007ED2DB /* Sources */ = {
			isa = PBXSourcesBuildPhase;
			buildActionMask = 2147483647;
			files = (
				3F83A36D2D79B036007ED2DB /* FirstUITests.swift in Sources */,
				3F83A36F2D79B036007ED2DB /* FirstUITestsLaunchTests.swift in Sources */,
			);
			runOnlyForDeploymentPostprocessing = 0;
		};
/* End PBXSourcesBuildPhase section */

/* Begin PBXTargetDependency section */
		3F83A3602D79B036007ED2DB /* PBXTargetDependency */ = {
			isa = PBXTargetDependency;
			target = 3F83A3472D79B036007ED2DB /* First */;
			targetProxy = 3F83A35F2D79B036007ED2DB /* PBXContainerItemProxy */;
		};
		3F83A36A2D79B036007ED2DB /* PBXTargetDependency */ = {
			isa = PBXTargetDependency;
			target = 3F83A3472D79B036007ED2DB /* First */;
			targetProxy = 3F83A3692D79B036007ED2DB /* PBXContainerItemProxy */;
		};
/* End PBXTargetDependency section */

/* Begin PBXVariantGroup section */
		3F83A3512D79B036007ED2DB /* Main.storyboard */ = {
			isa = PBXVariantGroup;
			children = (
				3F83A3522D79B036007ED2DB /* Base */,
			);
			name = Main.storyboard;
			sourceTree = "<group>";
		};
		3F83A3562D79B036007ED2DB /* LaunchScreen.storyboard */ = {
			isa = PBXVariantGroup;
			children = (
				3F83A3572D79B036007ED2DB /* Base */,
			);
			name = LaunchScreen.storyboard;
			sourceTree = "<group>";
		};
/* End PBXVariantGroup section */

/* Begin XCBuildConfiguration section */
		3F83A3702D79B036007ED2DB /* Debug */ = {
			isa = XCBuildConfiguration;
			buildSettings = {
				ALWAYS_SEARCH_USER_PATHS = NO;
				ASSETCATALOG_COMPILER_GENERATE_SWIFT_ASSET_SYMBOL_EXTENSIONS = YES;
				CLANG_ANALYZER_NONNULL = YES;
				CLANG_ANALYZER_NUMBER_OBJECT_CONVERSION = YES_AGGRESSIVE;
				CLANG_CXX_LANGUAGE_STANDARD = "gnu++20";
				CLANG_ENABLE_MODULES = YES;
				CLANG_ENABLE_OBJC_ARC = YES;
				CLANG_ENABLE_OBJC_WEAK = YES;
				CLANG_WARN_BLOCK_CAPTURE_AUTORELEASING = YES;
				CLANG_WARN_BOOL_CONVERSION = YES;
				CLANG_WARN_COMMA = YES;
				CLANG_WARN_CONSTANT_CONVERSION = YES;
				CLANG_WARN_DEPRECATED_OBJC_IMPLEMENTATIONS = YES;
				CLANG_WARN_DIRECT_OBJC_ISA_USAGE = YES_ERROR;
				CLANG_WARN_DOCUMENTATION_COMMENTS = YES;
				CLANG_WARN_EMPTY_BODY = YES;
				CLANG_WARN_ENUM_CONVERSION = YES;
				CLANG_WARN_INFINITE_RECURSION = YES;
				CLANG_WARN_INT_CONVERSION = YES;
				CLANG_WARN_NON_LITERAL_NULL_CONVERSION = YES;
				CLANG_WARN_OBJC_IMPLICIT_RETAIN_SELF = YES;
				CLANG_WARN_OBJC_LITERAL_CONVERSION = YES;
				CLANG_WARN_OBJC_ROOT_CLASS = YES_ERROR;
				CLANG_WARN_QUOTED_INCLUDE_IN_FRAMEWORK_HEADER = YES;
				CLANG_WARN_RANGE_LOOP_ANALYSIS = YES;
				CLANG_WARN_STRICT_PROTOTYPES = YES;
				CLANG_WARN_SUSPICIOUS_MOVE = YES;
				CLANG_WARN_UNGUARDED_AVAILABILITY = YES_AGGRESSIVE;
				CLANG_WARN_UNREACHABLE_CODE = YES;
				CLANG_WARN__DUPLICATE_METHOD_MATCH = YES;
				COPY_PHASE_STRIP = NO;
				DEBUG_INFORMATION_FORMAT = dwarf;
				ENABLE_STRICT_OBJC_MSGSEND = YES;
				ENABLE_TESTABILITY = YES;
				ENABLE_USER_SCRIPT_SANDBOXING = YES;
				GCC_C_LANGUAGE_STANDARD = gnu17;
				GCC_DYNAMIC_NO_PIC = NO;
				GCC_NO_COMMON_BLOCKS = YES;
				GCC_OPTIMIZATION_LEVEL = 0;
				GCC_PREPROCESSOR_DEFINITIONS = (
					"DEBUG=1",
					"$(inherited)",
				);
				GCC_WARN_64_TO_32_BIT_CONVERSION = YES;
				GCC_WARN_ABOUT_RETURN_TYPE = YES_ERROR;
				GCC_WARN_UNDECLARED_SELECTOR = YES;
				GCC_WARN_UNINITIALIZED_AUTOS = YES_AGGRESSIVE;
				GCC_WARN_UNUSED_FUNCTION = YES;
				GCC_WARN_UNUSED_VARIABLE = YES;
				IPHONEOS_DEPLOYMENT_TARGET = 17.4;
				LOCALIZATION_PREFERS_STRING_CATALOGS = YES;
				MTL_ENABLE_DEBUG_INFO = INCLUDE_SOURCE;
				MTL_FAST_MATH = YES;
				ONLY_ACTIVE_ARCH = YES;
				SDKROOT = iphoneos;
				SWIFT_ACTIVE_COMPILATION_CONDITIONS = "DEBUG $(inherited)";
				SWIFT_OPTIMIZATION_LEVEL = "-Onone";
			};
			name = Debug;
		};
		3F83A3712D79B036007ED2DB /* Release */ = {
			isa = XCBuildConfiguration;
			buildSettings = {
				ALWAYS_SEARCH_USER_PATHS = NO;
				ASSETCATALOG_COMPILER_GENERATE_SWIFT_ASSET_SYMBOL_EXTENSIONS = YES;
				CLANG_ANALYZER_NONNULL = YES;
				CLANG_ANALYZER_NUMBER_OBJECT_CONVERSION = YES_AGGRESSIVE;
				CLANG_CXX_LANGUAGE_STANDARD = "gnu++20";
				CLANG_ENABLE_MODULES = YES;
				CLANG_ENABLE_OBJC_ARC = YES;
				CLANG_ENABLE_OBJC_WEAK = YES;
				CLANG_WARN_BLOCK_CAPTURE_AUTORELEASING = YES;
				CLANG_WARN_BOOL_CONVERSION = YES;
				CLANG_WARN_COMMA = YES;
				CLANG_WARN_CONSTANT_CONVERSION = YES;
				CLANG_WARN_DEPRECATED_OBJC_IMPLEMENTATIONS = YES;
				CLANG_WARN_DIRECT_OBJC_ISA_USAGE = YES_ERROR;
				CLANG_WARN_DOCUMENTATION_COMMENTS = YES;
				CLANG_WARN_EMPTY_BODY = YES;
				CLANG_WARN_ENUM_CONVERSION = YES;
				CLANG_WARN_INFINITE_RECURSION = YES;
				CLANG_WARN_INT_CONVERSION = YES;
				CLANG_WARN_NON_LITERAL_NULL_CONVERSION = YES;
				CLANG_WARN_OBJC_IMPLICIT_RETAIN_SELF = YES;
				CLANG_WARN_OBJC_LITERAL_CONVERSION = YES;
				CLANG_WARN_OBJC_ROOT_CLASS = YES_ERROR;
				CLANG_WARN_QUOTED_INCLUDE_IN_FRAMEWORK_HEADER = YES;
				CLANG_WARN_RANGE_LOOP_ANALYSIS = YES;
				CLANG_WARN_STRICT_PROTOTYPES = YES;
				CLANG_WARN_SUSPICIOUS_MOVE = YES;
				CLANG_WARN_UNGUARDED_AVAILABILITY = YES_AGGRESSIVE;
				CLANG_WARN_UNREACHABLE_CODE = YES;
				CLANG_WARN__DUPLICATE_METHOD_MATCH = YES;
				COPY_PHASE_STRIP = NO;
				DEBUG_INFORMATION_FORMAT = "dwarf-with-dsym";
				ENABLE_NS_ASSERTIONS = NO;
				ENABLE_STRICT_OBJC_MSGSEND = YES;
				ENABLE_USER_SCRIPT_SANDBOXING = YES;
				GCC_C_LANGUAGE_STANDARD = gnu17;
				GCC_NO_COMMON_BLOCKS = YES;
				GCC_WARN_64_TO_32_BIT_CONVERSION = YES;
				GCC_WARN_ABOUT_RETURN_TYPE = YES_ERROR;
				GCC_WARN_UNDECLARED_SELECTOR = YES;
				GCC_WARN_UNINITIALIZED_AUTOS = YES_AGGRESSIVE;
				GCC_WARN_UNUSED_FUNCTION = YES;
				GCC_WARN_UNUSED_VARIABLE = YES;
				IPHONEOS_DEPLOYMENT_TARGET = 17.4;
				LOCALIZATION_PREFERS_STRING_CATALOGS = YES;
				MTL_ENABLE_DEBUG_INFO = NO;
				MTL_FAST_MATH = YES;
				SDKROOT = iphoneos;
				SWIFT_COMPILATION_MODE = wholemodule;
				VALIDATE_PRODUCT = YES;
			};
			name = Release;
		};
		3F83A3732D79B036007ED2DB /* Debug */ = {
			isa = XCBuildConfiguration;
			buildSettings = {
				ASSETCATALOG_COMPILER_APPICON_NAME = AppIcon;
				ASSETCATALOG_COMPILER_GLOBAL_ACCENT_COLOR_NAME = AccentColor;
				CODE_SIGN_STYLE = Automatic;
				CURRENT_PROJECT_VERSION = 1;
				GENERATE_INFOPLIST_FILE = YES;
				INFOPLIST_FILE = First/Info.plist;
				INFOPLIST_KEY_UIApplicationSupportsIndirectInputEvents = YES;
				INFOPLIST_KEY_UILaunchStoryboardName = LaunchScreen;
				INFOPLIST_KEY_UIMainStoryboardFile = Main;
				INFOPLIST_KEY_UISupportedInterfaceOrientations_iPad = "UIInterfaceOrientationPortrait UIInterfaceOrientationPortraitUpsideDown UIInterfaceOrientationLandscapeLeft UIInterfaceOrientationLandscapeRight";
				INFOPLIST_KEY_UISupportedInterfaceOrientations_iPhone = "UIInterfaceOrientationPortrait UIInterfaceOrientationLandscapeLeft UIInterfaceOrientationLandscapeRight";
				LD_RUNPATH_SEARCH_PATHS = (
					"$(inherited)",
					"@executable_path/Frameworks",
				);
				MARKETING_VERSION = 1.0;
				PRODUCT_BUNDLE_IDENTIFIER = abc.First;
				PRODUCT_NAME = "$(TARGET_NAME)";
				SWIFT_EMIT_LOC_STRINGS = YES;
				SWIFT_VERSION = 5.0;
				TARGETED_DEVICE_FAMILY = "1,2";
			};
			name = Debug;
		};
		3F83A3742D79B036007ED2DB /* Release */ = {
			isa = XCBuildConfiguration;
			buildSettings = {
				ASSETCATALOG_COMPILER_APPICON_NAME = AppIcon;
				ASSETCATALOG_COMPILER_GLOBAL_ACCENT_COLOR_NAME = AccentColor;
				CODE_SIGN_STYLE = Automatic;
				CURRENT_PROJECT_VERSION = 1;
				GENERATE_INFOPLIST_FILE = YES;
				INFOPLIST_FILE = First/Info.plist;
				INFOPLIST_KEY_UIApplicationSupportsIndirectInputEvents = YES;
				INFOPLIST_KEY_UILaunchStoryboardName = LaunchScreen;
				INFOPLIST_KEY_UIMainStoryboardFile = Main;
				INFOPLIST_KEY_UISupportedInterfaceOrientations_iPad = "UIInterfaceOrientationPortrait UIInterfaceOrientationPortraitUpsideDown UIInterfaceOrientationLandscapeLeft UIInterfaceOrientationLandscapeRight";
				INFOPLIST_KEY_UISupportedInterfaceOrientations_iPhone = "UIInterfaceOrientationPortrait UIInterfaceOrientationLandscapeLeft UIInterfaceOrientationLandscapeRight";
				LD_RUNPATH_SEARCH_PATHS = (
					"$(inherited)",
					"@executable_path/Frameworks",
				);
				MARKETING_VERSION = 1.0;
				PRODUCT_BUNDLE_IDENTIFIER = abc.First;
				PRODUCT_NAME = "$(TARGET_NAME)";
				SWIFT_EMIT_LOC_STRINGS = YES;
				SWIFT_VERSION = 5.0;
				TARGETED_DEVICE_FAMILY = "1,2";
			};
			name = Release;
		};
		3F83A3762D79B036007ED2DB /* Debug */ = {
			isa = XCBuildConfiguration;
			buildSettings = {
				ALWAYS_EMBED_SWIFT_STANDARD_LIBRARIES = YES;
				BUNDLE_LOADER = "$(TEST_HOST)";
				CODE_SIGN_STYLE = Automatic;
				CURRENT_PROJECT_VERSION = 1;
				GENERATE_INFOPLIST_FILE = YES;
				IPHONEOS_DEPLOYMENT_TARGET = 17.4;
				MARKETING_VERSION = 1.0;
				PRODUCT_BUNDLE_IDENTIFIER = abc.FirstTests;
				PRODUCT_NAME = "$(TARGET_NAME)";
				SWIFT_EMIT_LOC_STRINGS = NO;
				SWIFT_VERSION = 5.0;
				TARGETED_DEVICE_FAMILY = "1,2";
				TEST_HOST = "$(BUILT_PRODUCTS_DIR)/First.app/$(BUNDLE_EXECUTABLE_FOLDER_PATH)/First";
			};
			name = Debug;
		};
		3F83A3772D79B036007ED2DB /* Release */ = {
			isa = XCBuildConfiguration;
			buildSettings = {
				ALWAYS_EMBED_SWIFT_STANDARD_LIBRARIES = YES;
				BUNDLE_LOADER = "$(TEST_HOST)";
				CODE_SIGN_STYLE = Automatic;
				CURRENT_PROJECT_VERSION = 1;
				GENERATE_INFOPLIST_FILE = YES;
				IPHONEOS_DEPLOYMENT_TARGET = 17.4;
				MARKETING_VERSION = 1.0;
				PRODUCT_BUNDLE_IDENTIFIER = abc.FirstTests;
				PRODUCT_NAME = "$(TARGET_NAME)";
				SWIFT_EMIT_LOC_STRINGS = NO;
				SWIFT_VERSION = 5.0;
				TARGETED_DEVICE_FAMILY = "1,2";
				TEST_HOST = "$(BUILT_PRODUCTS_DIR)/First.app/$(BUNDLE_EXECUTABLE_FOLDER_PATH)/First";
			};
			name = Release;
		};
		3F83A3792D79B036007ED2DB /* Debug */ = {
			isa = XCBuildConfiguration;
			buildSettings = {
				ALWAYS_EMBED_SWIFT_STANDARD_LIBRARIES = YES;
				CODE_SIGN_STYLE = Automatic;
				CURRENT_PROJECT_VERSION = 1;
				GENERATE_INFOPLIST_FILE = YES;
				MARKETING_VERSION = 1.0;
				PRODUCT_BUNDLE_IDENTIFIER = abc.FirstUITests;
				PRODUCT_NAME = "$(TARGET_NAME)";
				SWIFT_EMIT_LOC_STRINGS = NO;
				SWIFT_VERSION = 5.0;
				TARGETED_DEVICE_FAMILY = "1,2";
				TEST_TARGET_NAME = First;
			};
			name = Debug;
		};
		3F83A37A2D79B036007ED2DB /* Release */ = {
			isa = XCBuildConfiguration;
			buildSettings = {
				ALWAYS_EMBED_SWIFT_STANDARD_LIBRARIES = YES;
				CODE_SIGN_STYLE = Automatic;
				CURRENT_PROJECT_VERSION = 1;
				GENERATE_INFOPLIST_FILE = YES;
				MARKETING_VERSION = 1.0;
				PRODUCT_BUNDLE_IDENTIFIER = abc.FirstUITests;
				PRODUCT_NAME = "$(TARGET_NAME)";
				SWIFT_EMIT_LOC_STRINGS = NO;
				SWIFT_VERSION = 5.0;
				TARGETED_DEVICE_FAMILY = "1,2";
				TEST_TARGET_NAME = First;
			};
			name = Release;
		};
/* End XCBuildConfiguration section */

/* Begin XCConfigurationList section */
		3F83A3432D79B036007ED2DB /* Build configuration list for PBXProject "First" */ = {
			isa = XCConfigurationList;
			buildConfigurations = (
				3F83A3702D79B036007ED2DB /* Debug */,
				3F83A3712D79B036007ED2DB /* Release */,
			);
			defaultConfigurationIsVisible = 0;
			defaultConfigurationName = Release;
		};
		3F83A3722D79B036007ED2DB /* Build configuration list for PBXNativeTarget "First" */ = {
			isa = XCConfigurationList;
			buildConfigurations = (
				3F83A3732D79B036007ED2DB /* Debug */,
				3F83A3742D79B036007ED2DB /* Release */,
			);
			defaultConfigurationIsVisible = 0;
			defaultConfigurationName = Release;
		};
		3F83A3752D79B036007ED2DB /* Build configuration list for PBXNativeTarget "FirstTests" */ = {
			isa = XCConfigurationList;
			buildConfigurations = (
				3F83A3762D79B036007ED2DB /* Debug */,
				3F83A3772D79B036007ED2DB /* Release */,
			);
			defaultConfigurationIsVisible = 0;
			defaultConfigurationName = Release;
		};
		3F83A3782D79B036007ED2DB /* Build configuration list for PBXNativeTarget "FirstUITests" */ = {
			isa = XCConfigurationList;
			buildConfigurations = (
				3F83A3792D79B036007ED2DB /* Debug */,
				3F83A37A2D79B036007ED2DB /* Release */,
			);
			defaultConfigurationIsVisible = 0;
			defaultConfigurationName = Release;
		};
/* End XCConfigurationList section */
	};
	rootObject = 3F83A3402D79B036007ED2DB /* Project object */;
}
