// !$*UTF8*$!
{
	archiveVersion = 1;
	classes = {
	};
	objectVersion = 56;
	objects = {

/* Begin PBXBuildFile section */
		3F765CAE2DB11D0700D284AF /* DGCharts in Frameworks */ = {isa = PBXBuildFile; productRef = 3F765CAD2DB11D0700D284AF /* DGCharts */; };
		3F7ABC5D2DB79EE200F35904 /* NextViewController.swift in Sources */ = {isa = PBXBuildFile; fileRef = 3F7ABC5C2DB79EE200F35904 /* NextViewController.swift */; };
		3FD993402DAE55970001778E /* AppDelegate.swift in Sources */ = {isa = PBXBuildFile; fileRef = 3FD9933F2DAE55970001778E /* AppDelegate.swift */; };
		3FD993422DAE55970001778E /* SceneDelegate.swift in Sources */ = {isa = PBXBuildFile; fileRef = 3FD993412DAE55970001778E /* SceneDelegate.swift */; };
		3FD993442DAE55970001778E /* ViewController.swift in Sources */ = {isa = PBXBuildFile; fileRef = 3FD993432DAE55970001778E /* ViewController.swift */; };
		3FD993472DAE55970001778E /* Base in Resources */ = {isa = PBXBuildFile; fileRef = 3FD993462DAE55970001778E /* Base */; };
		3FD993492DAE55980001778E /* Assets.xcassets in Resources */ = {isa = PBXBuildFile; fileRef = 3FD993482DAE55980001778E /* Assets.xcassets */; };
		3FD9934C2DAE55980001778E /* Base in Resources */ = {isa = PBXBuildFile; fileRef = 3FD9934B2DAE55980001778E /* Base */; };
		3FD993572DAE55980001778E /* praticeOnboradingScreenTests.swift in Sources */ = {isa = PBXBuildFile; fileRef = 3FD993562DAE55980001778E /* praticeOnboradingScreenTests.swift */; };
		3FD993612DAE55980001778E /* praticeOnboradingScreenUITests.swift in Sources */ = {isa = PBXBuildFile; fileRef = 3FD993602DAE55980001778E /* praticeOnboradingScreenUITests.swift */; };
		3FD993632DAE55980001778E /* praticeOnboradingScreenUITestsLaunchTests.swift in Sources */ = {isa = PBXBuildFile; fileRef = 3FD993622DAE55980001778E /* praticeOnboradingScreenUITestsLaunchTests.swift */; };
		3FD993732DAE691F0001778E /* CalcViewController.swift in Sources */ = {isa = PBXBuildFile; fileRef = 3FD993722DAE691F0001778E /* CalcViewController.swift */; };
/* End PBXBuildFile section */

/* Begin PBXContainerItemProxy section */
		3FD993532DAE55980001778E /* PBXContainerItemProxy */ = {
			isa = PBXContainerItemProxy;
			containerPortal = 3FD993342DAE55970001778E /* Project object */;
			proxyType = 1;
			remoteGlobalIDString = 3FD9933B2DAE55970001778E;
			remoteInfo = praticeOnboradingScreen;
		};
		3FD9935D2DAE55980001778E /* PBXContainerItemProxy */ = {
			isa = PBXContainerItemProxy;
			containerPortal = 3FD993342DAE55970001778E /* Project object */;
			proxyType = 1;
			remoteGlobalIDString = 3FD9933B2DAE55970001778E;
			remoteInfo = praticeOnboradingScreen;
		};
/* End PBXContainerItemProxy section */

/* Begin PBXFileReference section */
		3F7ABC5C2DB79EE200F35904 /* NextViewController.swift */ = {isa = PBXFileReference; lastKnownFileType = sourcecode.swift; path = NextViewController.swift; sourceTree = "<group>"; };
		3FD9933C2DAE55970001778E /* praticeOnboradingScreen.app */ = {isa = PBXFileReference; explicitFileType = wrapper.application; includeInIndex = 0; path = praticeOnboradingScreen.app; sourceTree = BUILT_PRODUCTS_DIR; };
		3FD9933F2DAE55970001778E /* AppDelegate.swift */ = {isa = PBXFileReference; lastKnownFileType = sourcecode.swift; path = AppDelegate.swift; sourceTree = "<group>"; };
		3FD993412DAE55970001778E /* SceneDelegate.swift */ = {isa = PBXFileReference; lastKnownFileType = sourcecode.swift; path = SceneDelegate.swift; sourceTree = "<group>"; };
		3FD993432DAE55970001778E /* ViewController.swift */ = {isa = PBXFileReference; lastKnownFileType = sourcecode.swift; path = ViewController.swift; sourceTree = "<group>"; };
		3FD993462DAE55970001778E /* Base */ = {isa = PBXFileReference; lastKnownFileType = file.storyboard; name = Base; path = Base.lproj/Main.storyboard; sourceTree = "<group>"; };
		3FD993482DAE55980001778E /* Assets.xcassets */ = {isa = PBXFileReference; lastKnownFileType = folder.assetcatalog; path = Assets.xcassets; sourceTree = "<group>"; };
		3FD9934B2DAE55980001778E /* Base */ = {isa = PBXFileReference; lastKnownFileType = file.storyboard; name = Base; path = Base.lproj/LaunchScreen.storyboard; sourceTree = "<group>"; };
		3FD9934D2DAE55980001778E /* Info.plist */ = {isa = PBXFileReference; lastKnownFileType = text.plist.xml; path = Info.plist; sourceTree = "<group>"; };
		3FD993522DAE55980001778E /* praticeOnboradingScreenTests.xctest */ = {isa = PBXFileReference; explicitFileType = wrapper.cfbundle; includeInIndex = 0; path = praticeOnboradingScreenTests.xctest; sourceTree = BUILT_PRODUCTS_DIR; };
		3FD993562DAE55980001778E /* praticeOnboradingScreenTests.swift */ = {isa = PBXFileReference; lastKnownFileType = sourcecode.swift; path = praticeOnboradingScreenTests.swift; sourceTree = "<group>"; };
		3FD9935C2DAE55980001778E /* praticeOnboradingScreenUITests.xctest */ = {isa = PBXFileReference; explicitFileType = wrapper.cfbundle; includeInIndex = 0; path = praticeOnboradingScreenUITests.xctest; sourceTree = BUILT_PRODUCTS_DIR; };
		3FD993602DAE55980001778E /* praticeOnboradingScreenUITests.swift */ = {isa = PBXFileReference; lastKnownFileType = sourcecode.swift; path = praticeOnboradingScreenUITests.swift; sourceTree = "<group>"; };
		3FD993622DAE55980001778E /* praticeOnboradingScreenUITestsLaunchTests.swift */ = {isa = PBXFileReference; lastKnownFileType = sourcecode.swift; path = praticeOnboradingScreenUITestsLaunchTests.swift; sourceTree = "<group>"; };
		3FD993722DAE691F0001778E /* CalcViewController.swift */ = {isa = PBXFileReference; lastKnownFileType = sourcecode.swift; path = CalcViewController.swift; sourceTree = "<group>"; };
/* End PBXFileReference section */

/* Begin PBXFrameworksBuildPhase section */
		3FD993392DAE55970001778E /* Frameworks */ = {
			isa = PBXFrameworksBuildPhase;
			buildActionMask = 2147483647;
			files = (
				3F765CAE2DB11D0700D284AF /* DGCharts in Frameworks */,
			);
			runOnlyForDeploymentPostprocessing = 0;
		};
		3FD9934F2DAE55980001778E /* Frameworks */ = {
			isa = PBXFrameworksBuildPhase;
			buildActionMask = 2147483647;
			files = (
			);
			runOnlyForDeploymentPostprocessing = 0;
		};
		3FD993592DAE55980001778E /* Frameworks */ = {
			isa = PBXFrameworksBuildPhase;
			buildActionMask = 2147483647;
			files = (
			);
			runOnlyForDeploymentPostprocessing = 0;
		};
/* End PBXFrameworksBuildPhase section */

/* Begin PBXGroup section */
		3FD993332DAE55970001778E = {
			isa = PBXGroup;
			children = (
				3FD9933E2DAE55970001778E /* praticeOnboradingScreen */,
				3FD993552DAE55980001778E /* praticeOnboradingScreenTests */,
				3FD9935F2DAE55980001778E /* praticeOnboradingScreenUITests */,
				3FD9933D2DAE55970001778E /* Products */,
			);
			sourceTree = "<group>";
		};
		3FD9933D2DAE55970001778E /* Products */ = {
			isa = PBXGroup;
			children = (
				3FD9933C2DAE55970001778E /* praticeOnboradingScreen.app */,
				3FD993522DAE55980001778E /* praticeOnboradingScreenTests.xctest */,
				3FD9935C2DAE55980001778E /* praticeOnboradingScreenUITests.xctest */,
			);
			name = Products;
			sourceTree = "<group>";
		};
		3FD9933E2DAE55970001778E /* praticeOnboradingScreen */ = {
			isa = PBXGroup;
			children = (
				3FD9933F2DAE55970001778E /* AppDelegate.swift */,
				3FD993412DAE55970001778E /* SceneDelegate.swift */,
				3FD993432DAE55970001778E /* ViewController.swift */,
				3F7ABC5C2DB79EE200F35904 /* NextViewController.swift */,
				3FD993722DAE691F0001778E /* CalcViewController.swift */,
				3FD993452DAE55970001778E /* Main.storyboard */,
				3FD993482DAE55980001778E /* Assets.xcassets */,
				3FD9934A2DAE55980001778E /* LaunchScreen.storyboard */,
				3FD9934D2DAE55980001778E /* Info.plist */,
			);
			path = praticeOnboradingScreen;
			sourceTree = "<group>";
		};
		3FD993552DAE55980001778E /* praticeOnboradingScreenTests */ = {
			isa = PBXGroup;
			children = (
				3FD993562DAE55980001778E /* praticeOnboradingScreenTests.swift */,
			);
			path = praticeOnboradingScreenTests;
			sourceTree = "<group>";
		};
		3FD9935F2DAE55980001778E /* praticeOnboradingScreenUITests */ = {
			isa = PBXGroup;
			children = (
				3FD993602DAE55980001778E /* praticeOnboradingScreenUITests.swift */,
				3FD993622DAE55980001778E /* praticeOnboradingScreenUITestsLaunchTests.swift */,
			);
			path = praticeOnboradingScreenUITests;
			sourceTree = "<group>";
		};
/* End PBXGroup section */

/* Begin PBXNativeTarget section */
		3FD9933B2DAE55970001778E /* praticeOnboradingScreen */ = {
			isa = PBXNativeTarget;
			buildConfigurationList = 3FD993662DAE55980001778E /* Build configuration list for PBXNativeTarget "praticeOnboradingScreen" */;
			buildPhases = (
				3FD993382DAE55970001778E /* Sources */,
				3FD993392DAE55970001778E /* Frameworks */,
				3FD9933A2DAE55970001778E /* Resources */,
			);
			buildRules = (
			);
			dependencies = (
			);
			name = praticeOnboradingScreen;
			packageProductDependencies = (
				3F765CAD2DB11D0700D284AF /* DGCharts */,
			);
			productName = praticeOnboradingScreen;
			productReference = 3FD9933C2DAE55970001778E /* praticeOnboradingScreen.app */;
			productType = "com.apple.product-type.application";
		};
		3FD993512DAE55980001778E /* praticeOnboradingScreenTests */ = {
			isa = PBXNativeTarget;
			buildConfigurationList = 3FD993692DAE55980001778E /* Build configuration list for PBXNativeTarget "praticeOnboradingScreenTests" */;
			buildPhases = (
				3FD9934E2DAE55980001778E /* Sources */,
				3FD9934F2DAE55980001778E /* Frameworks */,
				3FD993502DAE55980001778E /* Resources */,
			);
			buildRules = (
			);
			dependencies = (
				3FD993542DAE55980001778E /* PBXTargetDependency */,
			);
			name = praticeOnboradingScreenTests;
			productName = praticeOnboradingScreenTests;
			productReference = 3FD993522DAE55980001778E /* praticeOnboradingScreenTests.xctest */;
			productType = "com.apple.product-type.bundle.unit-test";
		};
		3FD9935B2DAE55980001778E /* praticeOnboradingScreenUITests */ = {
			isa = PBXNativeTarget;
			buildConfigurationList = 3FD9936C2DAE55980001778E /* Build configuration list for PBXNativeTarget "praticeOnboradingScreenUITests" */;
			buildPhases = (
				3FD993582DAE55980001778E /* Sources */,
				3FD993592DAE55980001778E /* Frameworks */,
				3FD9935A2DAE55980001778E /* Resources */,
			);
			buildRules = (
			);
			dependencies = (
				3FD9935E2DAE55980001778E /* PBXTargetDependency */,
			);
			name = praticeOnboradingScreenUITests;
			productName = praticeOnboradingScreenUITests;
			productReference = 3FD9935C2DAE55980001778E /* praticeOnboradingScreenUITests.xctest */;
			productType = "com.apple.product-type.bundle.ui-testing";
		};
/* End PBXNativeTarget section */

/* Begin PBXProject section */
		3FD993342DAE55970001778E /* Project object */ = {
			isa = PBXProject;
			attributes = {
				BuildIndependentTargetsInParallel = 1;
				LastSwiftUpdateCheck = 1530;
				LastUpgradeCheck = 1530;
				TargetAttributes = {
					3FD9933B2DAE55970001778E = {
						CreatedOnToolsVersion = 15.3;
					};
					3FD993512DAE55980001778E = {
						CreatedOnToolsVersion = 15.3;
						TestTargetID = 3FD9933B2DAE55970001778E;
					};
					3FD9935B2DAE55980001778E = {
						CreatedOnToolsVersion = 15.3;
						TestTargetID = 3FD9933B2DAE55970001778E;
					};
				};
			};
			buildConfigurationList = 3FD993372DAE55970001778E /* Build configuration list for PBXProject "praticeOnboradingScreen" */;
			compatibilityVersion = "Xcode 14.0";
			developmentRegion = en;
			hasScannedForEncodings = 0;
			knownRegions = (
				en,
				Base,
			);
			mainGroup = 3FD993332DAE55970001778E;
			packageReferences = (
				3F765CAC2DB11D0700D284AF /* XCRemoteSwiftPackageReference "Charts" */,
			);
			productRefGroup = 3FD9933D2DAE55970001778E /* Products */;
			projectDirPath = "";
			projectRoot = "";
			targets = (
				3FD9933B2DAE55970001778E /* praticeOnboradingScreen */,
				3FD993512DAE55980001778E /* praticeOnboradingScreenTests */,
				3FD9935B2DAE55980001778E /* praticeOnboradingScreenUITests */,
			);
		};
/* End PBXProject section */

/* Begin PBXResourcesBuildPhase section */
		3FD9933A2DAE55970001778E /* Resources */ = {
			isa = PBXResourcesBuildPhase;
			buildActionMask = 2147483647;
			files = (
				3FD993492DAE55980001778E /* Assets.xcassets in Resources */,
				3FD9934C2DAE55980001778E /* Base in Resources */,
				3FD993472DAE55970001778E /* Base in Resources */,
			);
			runOnlyForDeploymentPostprocessing = 0;
		};
		3FD993502DAE55980001778E /* Resources */ = {
			isa = PBXResourcesBuildPhase;
			buildActionMask = 2147483647;
			files = (
			);
			runOnlyForDeploymentPostprocessing = 0;
		};
		3FD9935A2DAE55980001778E /* Resources */ = {
			isa = PBXResourcesBuildPhase;
			buildActionMask = 2147483647;
			files = (
			);
			runOnlyForDeploymentPostprocessing = 0;
		};
/* End PBXResourcesBuildPhase section */

/* Begin PBXSourcesBuildPhase section */
		3FD993382DAE55970001778E /* Sources */ = {
			isa = PBXSourcesBuildPhase;
			buildActionMask = 2147483647;
			files = (
				3F7ABC5D2DB79EE200F35904 /* NextViewController.swift in Sources */,
				3FD993442DAE55970001778E /* ViewController.swift in Sources */,
				3FD993732DAE691F0001778E /* CalcViewController.swift in Sources */,
				3FD993402DAE55970001778E /* AppDelegate.swift in Sources */,
				3FD993422DAE55970001778E /* SceneDelegate.swift in Sources */,
			);
			runOnlyForDeploymentPostprocessing = 0;
		};
		3FD9934E2DAE55980001778E /* Sources */ = {
			isa = PBXSourcesBuildPhase;
			buildActionMask = 2147483647;
			files = (
				3FD993572DAE55980001778E /* praticeOnboradingScreenTests.swift in Sources */,
			);
			runOnlyForDeploymentPostprocessing = 0;
		};
		3FD993582DAE55980001778E /* Sources */ = {
			isa = PBXSourcesBuildPhase;
			buildActionMask = 2147483647;
			files = (
				3FD993632DAE55980001778E /* praticeOnboradingScreenUITestsLaunchTests.swift in Sources */,
				3FD993612DAE55980001778E /* praticeOnboradingScreenUITests.swift in Sources */,
			);
			runOnlyForDeploymentPostprocessing = 0;
		};
/* End PBXSourcesBuildPhase section */

/* Begin PBXTargetDependency section */
		3FD993542DAE55980001778E /* PBXTargetDependency */ = {
			isa = PBXTargetDependency;
			target = 3FD9933B2DAE55970001778E /* praticeOnboradingScreen */;
			targetProxy = 3FD993532DAE55980001778E /* PBXContainerItemProxy */;
		};
		3FD9935E2DAE55980001778E /* PBXTargetDependency */ = {
			isa = PBXTargetDependency;
			target = 3FD9933B2DAE55970001778E /* praticeOnboradingScreen */;
			targetProxy = 3FD9935D2DAE55980001778E /* PBXContainerItemProxy */;
		};
/* End PBXTargetDependency section */

/* Begin PBXVariantGroup section */
		3FD993452DAE55970001778E /* Main.storyboard */ = {
			isa = PBXVariantGroup;
			children = (
				3FD993462DAE55970001778E /* Base */,
			);
			name = Main.storyboard;
			sourceTree = "<group>";
		};
		3FD9934A2DAE55980001778E /* LaunchScreen.storyboard */ = {
			isa = PBXVariantGroup;
			children = (
				3FD9934B2DAE55980001778E /* Base */,
			);
			name = LaunchScreen.storyboard;
			sourceTree = "<group>";
		};
/* End PBXVariantGroup section */

/* Begin XCBuildConfiguration section */
		3FD993642DAE55980001778E /* Debug */ = {
			isa = XCBuildConfiguration;
			buildSettings = {
				ALWAYS_SEARCH_USER_PATHS = NO;
				ASSETCATALOG_COMPILER_GENERATE_SWIFT_ASSET_SYMBOL_EXTENSIONS = YES;
				CLANG_ANALYZER_NONNULL = YES;
				CLANG_ANALYZER_NUMBER_OBJECT_CONVERSION = YES_AGGRESSIVE;
				CLANG_CXX_LANGUAGE_STANDARD = "gnu++20";
				CLANG_ENABLE_MODULES = YES;
				CLANG_ENABLE_OBJC_ARC = YES;
				CLANG_ENABLE_OBJC_WEAK = YES;
				CLANG_WARN_BLOCK_CAPTURE_AUTORELEASING = YES;
				CLANG_WARN_BOOL_CONVERSION = YES;
				CLANG_WARN_COMMA = YES;
				CLANG_WARN_CONSTANT_CONVERSION = YES;
				CLANG_WARN_DEPRECATED_OBJC_IMPLEMENTATIONS = YES;
				CLANG_WARN_DIRECT_OBJC_ISA_USAGE = YES_ERROR;
				CLANG_WARN_DOCUMENTATION_COMMENTS = YES;
				CLANG_WARN_EMPTY_BODY = YES;
				CLANG_WARN_ENUM_CONVERSION = YES;
				CLANG_WARN_INFINITE_RECURSION = YES;
				CLANG_WARN_INT_CONVERSION = YES;
				CLANG_WARN_NON_LITERAL_NULL_CONVERSION = YES;
				CLANG_WARN_OBJC_IMPLICIT_RETAIN_SELF = YES;
				CLANG_WARN_OBJC_LITERAL_CONVERSION = YES;
				CLANG_WARN_OBJC_ROOT_CLASS = YES_ERROR;
				CLANG_WARN_QUOTED_INCLUDE_IN_FRAMEWORK_HEADER = YES;
				CLANG_WARN_RANGE_LOOP_ANALYSIS = YES;
				CLANG_WARN_STRICT_PROTOTYPES = YES;
				CLANG_WARN_SUSPICIOUS_MOVE = YES;
				CLANG_WARN_UNGUARDED_AVAILABILITY = YES_AGGRESSIVE;
				CLANG_WARN_UNREACHABLE_CODE = YES;
				CLANG_WARN__DUPLICATE_METHOD_MATCH = YES;
				COPY_PHASE_STRIP = NO;
				DEBUG_INFORMATION_FORMAT = dwarf;
				ENABLE_STRICT_OBJC_MSGSEND = YES;
				ENABLE_TESTABILITY = YES;
				ENABLE_USER_SCRIPT_SANDBOXING = YES;
				GCC_C_LANGUAGE_STANDARD = gnu17;
				GCC_DYNAMIC_NO_PIC = NO;
				GCC_NO_COMMON_BLOCKS = YES;
				GCC_OPTIMIZATION_LEVEL = 0;
				GCC_PREPROCESSOR_DEFINITIONS = (
					"DEBUG=1",
					"$(inherited)",
				);
				GCC_WARN_64_TO_32_BIT_CONVERSION = YES;
				GCC_WARN_ABOUT_RETURN_TYPE = YES_ERROR;
				GCC_WARN_UNDECLARED_SELECTOR = YES;
				GCC_WARN_UNINITIALIZED_AUTOS = YES_AGGRESSIVE;
				GCC_WARN_UNUSED_FUNCTION = YES;
				GCC_WARN_UNUSED_VARIABLE = YES;
				IPHONEOS_DEPLOYMENT_TARGET = 17.4;
				LOCALIZATION_PREFERS_STRING_CATALOGS = YES;
				MTL_ENABLE_DEBUG_INFO = INCLUDE_SOURCE;
				MTL_FAST_MATH = YES;
				ONLY_ACTIVE_ARCH = YES;
				SDKROOT = iphoneos;
				SWIFT_ACTIVE_COMPILATION_CONDITIONS = "DEBUG $(inherited)";
				SWIFT_OPTIMIZATION_LEVEL = "-Onone";
			};
			name = Debug;
		};
		3FD993652DAE55980001778E /* Release */ = {
			isa = XCBuildConfiguration;
			buildSettings = {
				ALWAYS_SEARCH_USER_PATHS = NO;
				ASSETCATALOG_COMPILER_GENERATE_SWIFT_ASSET_SYMBOL_EXTENSIONS = YES;
				CLANG_ANALYZER_NONNULL = YES;
				CLANG_ANALYZER_NUMBER_OBJECT_CONVERSION = YES_AGGRESSIVE;
				CLANG_CXX_LANGUAGE_STANDARD = "gnu++20";
				CLANG_ENABLE_MODULES = YES;
				CLANG_ENABLE_OBJC_ARC = YES;
				CLANG_ENABLE_OBJC_WEAK = YES;
				CLANG_WARN_BLOCK_CAPTURE_AUTORELEASING = YES;
				CLANG_WARN_BOOL_CONVERSION = YES;
				CLANG_WARN_COMMA = YES;
				CLANG_WARN_CONSTANT_CONVERSION = YES;
				CLANG_WARN_DEPRECATED_OBJC_IMPLEMENTATIONS = YES;
				CLANG_WARN_DIRECT_OBJC_ISA_USAGE = YES_ERROR;
				CLANG_WARN_DOCUMENTATION_COMMENTS = YES;
				CLANG_WARN_EMPTY_BODY = YES;
				CLANG_WARN_ENUM_CONVERSION = YES;
				CLANG_WARN_INFINITE_RECURSION = YES;
				CLANG_WARN_INT_CONVERSION = YES;
				CLANG_WARN_NON_LITERAL_NULL_CONVERSION = YES;
				CLANG_WARN_OBJC_IMPLICIT_RETAIN_SELF = YES;
				CLANG_WARN_OBJC_LITERAL_CONVERSION = YES;
				CLANG_WARN_OBJC_ROOT_CLASS = YES_ERROR;
				CLANG_WARN_QUOTED_INCLUDE_IN_FRAMEWORK_HEADER = YES;
				CLANG_WARN_RANGE_LOOP_ANALYSIS = YES;
				CLANG_WARN_STRICT_PROTOTYPES = YES;
				CLANG_WARN_SUSPICIOUS_MOVE = YES;
				CLANG_WARN_UNGUARDED_AVAILABILITY = YES_AGGRESSIVE;
				CLANG_WARN_UNREACHABLE_CODE = YES;
				CLANG_WARN__DUPLICATE_METHOD_MATCH = YES;
				COPY_PHASE_STRIP = NO;
				DEBUG_INFORMATION_FORMAT = "dwarf-with-dsym";
				ENABLE_NS_ASSERTIONS = NO;
				ENABLE_STRICT_OBJC_MSGSEND = YES;
				ENABLE_USER_SCRIPT_SANDBOXING = YES;
				GCC_C_LANGUAGE_STANDARD = gnu17;
				GCC_NO_COMMON_BLOCKS = YES;
				GCC_WARN_64_TO_32_BIT_CONVERSION = YES;
				GCC_WARN_ABOUT_RETURN_TYPE = YES_ERROR;
				GCC_WARN_UNDECLARED_SELECTOR = YES;
				GCC_WARN_UNINITIALIZED_AUTOS = YES_AGGRESSIVE;
				GCC_WARN_UNUSED_FUNCTION = YES;
				GCC_WARN_UNUSED_VARIABLE = YES;
				IPHONEOS_DEPLOYMENT_TARGET = 17.4;
				LOCALIZATION_PREFERS_STRING_CATALOGS = YES;
				MTL_ENABLE_DEBUG_INFO = NO;
				MTL_FAST_MATH = YES;
				SDKROOT = iphoneos;
				SWIFT_COMPILATION_MODE = wholemodule;
				VALIDATE_PRODUCT = YES;
			};
			name = Release;
		};
		3FD993672DAE55980001778E /* Debug */ = {
			isa = XCBuildConfiguration;
			buildSettings = {
				ASSETCATALOG_COMPILER_APPICON_NAME = AppIcon;
				ASSETCATALOG_COMPILER_GLOBAL_ACCENT_COLOR_NAME = AccentColor;
				CODE_SIGN_STYLE = Automatic;
				CURRENT_PROJECT_VERSION = 1;
				GENERATE_INFOPLIST_FILE = YES;
				INFOPLIST_FILE = praticeOnboradingScreen/Info.plist;
				INFOPLIST_KEY_UIApplicationSupportsIndirectInputEvents = YES;
				INFOPLIST_KEY_UILaunchStoryboardName = LaunchScreen;
				INFOPLIST_KEY_UIMainStoryboardFile = Main;
				INFOPLIST_KEY_UISupportedInterfaceOrientations_iPad = "UIInterfaceOrientationPortrait UIInterfaceOrientationPortraitUpsideDown UIInterfaceOrientationLandscapeLeft UIInterfaceOrientationLandscapeRight";
				INFOPLIST_KEY_UISupportedInterfaceOrientations_iPhone = "UIInterfaceOrientationPortrait UIInterfaceOrientationLandscapeLeft UIInterfaceOrientationLandscapeRight";
				LD_RUNPATH_SEARCH_PATHS = (
					"$(inherited)",
					"@executable_path/Frameworks",
				);
				MARKETING_VERSION = 1.0;
				PRODUCT_BUNDLE_IDENTIFIER = abc.praticeOnboradingScreen;
				PRODUCT_NAME = "$(TARGET_NAME)";
				SWIFT_EMIT_LOC_STRINGS = YES;
				SWIFT_VERSION = 5.0;
				TARGETED_DEVICE_FAMILY = "1,2";
			};
			name = Debug;
		};
		3FD993682DAE55980001778E /* Release */ = {
			isa = XCBuildConfiguration;
			buildSettings = {
				ASSETCATALOG_COMPILER_APPICON_NAME = AppIcon;
				ASSETCATALOG_COMPILER_GLOBAL_ACCENT_COLOR_NAME = AccentColor;
				CODE_SIGN_STYLE = Automatic;
				CURRENT_PROJECT_VERSION = 1;
				GENERATE_INFOPLIST_FILE = YES;
				INFOPLIST_FILE = praticeOnboradingScreen/Info.plist;
				INFOPLIST_KEY_UIApplicationSupportsIndirectInputEvents = YES;
				INFOPLIST_KEY_UILaunchStoryboardName = LaunchScreen;
				INFOPLIST_KEY_UIMainStoryboardFile = Main;
				INFOPLIST_KEY_UISupportedInterfaceOrientations_iPad = "UIInterfaceOrientationPortrait UIInterfaceOrientationPortraitUpsideDown UIInterfaceOrientationLandscapeLeft UIInterfaceOrientationLandscapeRight";
				INFOPLIST_KEY_UISupportedInterfaceOrientations_iPhone = "UIInterfaceOrientationPortrait UIInterfaceOrientationLandscapeLeft UIInterfaceOrientationLandscapeRight";
				LD_RUNPATH_SEARCH_PATHS = (
					"$(inherited)",
					"@executable_path/Frameworks",
				);
				MARKETING_VERSION = 1.0;
				PRODUCT_BUNDLE_IDENTIFIER = abc.praticeOnboradingScreen;
				PRODUCT_NAME = "$(TARGET_NAME)";
				SWIFT_EMIT_LOC_STRINGS = YES;
				SWIFT_VERSION = 5.0;
				TARGETED_DEVICE_FAMILY = "1,2";
			};
			name = Release;
		};
		3FD9936A2DAE55980001778E /* Debug */ = {
			isa = XCBuildConfiguration;
			buildSettings = {
				ALWAYS_EMBED_SWIFT_STANDARD_LIBRARIES = YES;
				BUNDLE_LOADER = "$(TEST_HOST)";
				CODE_SIGN_STYLE = Automatic;
				CURRENT_PROJECT_VERSION = 1;
				GENERATE_INFOPLIST_FILE = YES;
				IPHONEOS_DEPLOYMENT_TARGET = 17.4;
				MARKETING_VERSION = 1.0;
				PRODUCT_BUNDLE_IDENTIFIER = abc.praticeOnboradingScreenTests;
				PRODUCT_NAME = "$(TARGET_NAME)";
				SWIFT_EMIT_LOC_STRINGS = NO;
				SWIFT_VERSION = 5.0;
				TARGETED_DEVICE_FAMILY = "1,2";
				TEST_HOST = "$(BUILT_PRODUCTS_DIR)/praticeOnboradingScreen.app/$(BUNDLE_EXECUTABLE_FOLDER_PATH)/praticeOnboradingScreen";
			};
			name = Debug;
		};
		3FD9936B2DAE55980001778E /* Release */ = {
			isa = XCBuildConfiguration;
			buildSettings = {
				ALWAYS_EMBED_SWIFT_STANDARD_LIBRARIES = YES;
				BUNDLE_LOADER = "$(TEST_HOST)";
				CODE_SIGN_STYLE = Automatic;
				CURRENT_PROJECT_VERSION = 1;
				GENERATE_INFOPLIST_FILE = YES;
				IPHONEOS_DEPLOYMENT_TARGET = 17.4;
				MARKETING_VERSION = 1.0;
				PRODUCT_BUNDLE_IDENTIFIER = abc.praticeOnboradingScreenTests;
				PRODUCT_NAME = "$(TARGET_NAME)";
				SWIFT_EMIT_LOC_STRINGS = NO;
				SWIFT_VERSION = 5.0;
				TARGETED_DEVICE_FAMILY = "1,2";
				TEST_HOST = "$(BUILT_PRODUCTS_DIR)/praticeOnboradingScreen.app/$(BUNDLE_EXECUTABLE_FOLDER_PATH)/praticeOnboradingScreen";
			};
			name = Release;
		};
		3FD9936D2DAE55980001778E /* Debug */ = {
			isa = XCBuildConfiguration;
			buildSettings = {
				ALWAYS_EMBED_SWIFT_STANDARD_LIBRARIES = YES;
				CODE_SIGN_STYLE = Automatic;
				CURRENT_PROJECT_VERSION = 1;
				GENERATE_INFOPLIST_FILE = YES;
				MARKETING_VERSION = 1.0;
				PRODUCT_BUNDLE_IDENTIFIER = abc.praticeOnboradingScreenUITests;
				PRODUCT_NAME = "$(TARGET_NAME)";
				SWIFT_EMIT_LOC_STRINGS = NO;
				SWIFT_VERSION = 5.0;
				TARGETED_DEVICE_FAMILY = "1,2";
				TEST_TARGET_NAME = praticeOnboradingScreen;
			};
			name = Debug;
		};
		3FD9936E2DAE55980001778E /* Release */ = {
			isa = XCBuildConfiguration;
			buildSettings = {
				ALWAYS_EMBED_SWIFT_STANDARD_LIBRARIES = YES;
				CODE_SIGN_STYLE = Automatic;
				CURRENT_PROJECT_VERSION = 1;
				GENERATE_INFOPLIST_FILE = YES;
				MARKETING_VERSION = 1.0;
				PRODUCT_BUNDLE_IDENTIFIER = abc.praticeOnboradingScreenUITests;
				PRODUCT_NAME = "$(TARGET_NAME)";
				SWIFT_EMIT_LOC_STRINGS = NO;
				SWIFT_VERSION = 5.0;
				TARGETED_DEVICE_FAMILY = "1,2";
				TEST_TARGET_NAME = praticeOnboradingScreen;
			};
			name = Release;
		};
/* End XCBuildConfiguration section */

/* Begin XCConfigurationList section */
		3FD993372DAE55970001778E /* Build configuration list for PBXProject "praticeOnboradingScreen" */ = {
			isa = XCConfigurationList;
			buildConfigurations = (
				3FD993642DAE55980001778E /* Debug */,
				3FD993652DAE55980001778E /* Release */,
			);
			defaultConfigurationIsVisible = 0;
			defaultConfigurationName = Release;
		};
		3FD993662DAE55980001778E /* Build configuration list for PBXNativeTarget "praticeOnboradingScreen" */ = {
			isa = XCConfigurationList;
			buildConfigurations = (
				3FD993672DAE55980001778E /* Debug */,
				3FD993682DAE55980001778E /* Release */,
			);
			defaultConfigurationIsVisible = 0;
			defaultConfigurationName = Release;
		};
		3FD993692DAE55980001778E /* Build configuration list for PBXNativeTarget "praticeOnboradingScreenTests" */ = {
			isa = XCConfigurationList;
			buildConfigurations = (
				3FD9936A2DAE55980001778E /* Debug */,
				3FD9936B2DAE55980001778E /* Release */,
			);
			defaultConfigurationIsVisible = 0;
			defaultConfigurationName = Release;
		};
		3FD9936C2DAE55980001778E /* Build configuration list for PBXNativeTarget "praticeOnboradingScreenUITests" */ = {
			isa = XCConfigurationList;
			buildConfigurations = (
				3FD9936D2DAE55980001778E /* Debug */,
				3FD9936E2DAE55980001778E /* Release */,
			);
			defaultConfigurationIsVisible = 0;
			defaultConfigurationName = Release;
		};
/* End XCConfigurationList section */

/* Begin XCRemoteSwiftPackageReference section */
		3F765CAC2DB11D0700D284AF /* XCRemoteSwiftPackageReference "Charts" */ = {
			isa = XCRemoteSwiftPackageReference;
			repositoryURL = "https://github.com/danielgindi/Charts";
			requirement = {
				kind = upToNextMajorVersion;
				minimumVersion = 5.1.0;
			};
		};
/* End XCRemoteSwiftPackageReference section */

/* Begin XCSwiftPackageProductDependency section */
		3F765CAD2DB11D0700D284AF /* DGCharts */ = {
			isa = XCSwiftPackageProductDependency;
			package = 3F765CAC2DB11D0700D284AF /* XCRemoteSwiftPackageReference "Charts" */;
			productName = DGCharts;
		};
/* End XCSwiftPackageProductDependency section */
	};
	rootObject = 3FD993342DAE55970001778E /* Project object */;
}
